// !$*UTF8*$!
{
	archiveVersion = 1;
	classes = {
	};
	objectVersion = 46;
	objects = {

/* Begin PBXBuildFile section */
		B906984A18306A370067EC2C /* libTestFlight.a in Frameworks */ = {isa = PBXBuildFile; fileRef = B906984918306A360067EC2C /* libTestFlight.a */; };
		B906984C18306B070067EC2C /* libz.dylib in Frameworks */ = {isa = PBXBuildFile; fileRef = B906984B18306B070067EC2C /* libz.dylib */; };
		B92845EF182C10F1004CF304 /* QR-code.png in Resources */ = {isa = PBXBuildFile; fileRef = B92845EE182C10F1004CF304 /* QR-code.png */; };
		B95670C8181A397F007DE52E /* Foundation.framework in Frameworks */ = {isa = PBXBuildFile; fileRef = B95670C7181A397F007DE52E /* Foundation.framework */; };
		B95670CA181A397F007DE52E /* CoreGraphics.framework in Frameworks */ = {isa = PBXBuildFile; fileRef = B95670C9181A397F007DE52E /* CoreGraphics.framework */; };
		B95670CC181A397F007DE52E /* UIKit.framework in Frameworks */ = {isa = PBXBuildFile; fileRef = B95670CB181A397F007DE52E /* UIKit.framework */; };
		B95670D2181A397F007DE52E /* InfoPlist.strings in Resources */ = {isa = PBXBuildFile; fileRef = B95670D0181A397F007DE52E /* InfoPlist.strings */; };
		B95670D4181A397F007DE52E /* main.m in Sources */ = {isa = PBXBuildFile; fileRef = B95670D3181A397F007DE52E /* main.m */; };
		B95670D8181A397F007DE52E /* AppDelegate.m in Sources */ = {isa = PBXBuildFile; fileRef = B95670D7181A397F007DE52E /* AppDelegate.m */; };
		B95670DB181A397F007DE52E /* Main.storyboard in Resources */ = {isa = PBXBuildFile; fileRef = B95670D9181A397F007DE52E /* Main.storyboard */; };
		B95670DE181A397F007DE52E /* ViewController.m in Sources */ = {isa = PBXBuildFile; fileRef = B95670DD181A397F007DE52E /* ViewController.m */; };
		B95670E0181A397F007DE52E /* Images.xcassets in Resources */ = {isa = PBXBuildFile; fileRef = B95670DF181A397F007DE52E /* Images.xcassets */; };
		B95670E7181A397F007DE52E /* XCTest.framework in Frameworks */ = {isa = PBXBuildFile; fileRef = B95670E6181A397F007DE52E /* XCTest.framework */; };
		B95670E8181A397F007DE52E /* Foundation.framework in Frameworks */ = {isa = PBXBuildFile; fileRef = B95670C7181A397F007DE52E /* Foundation.framework */; };
		B95670E9181A397F007DE52E /* UIKit.framework in Frameworks */ = {isa = PBXBuildFile; fileRef = B95670CB181A397F007DE52E /* UIKit.framework */; };
		B95670F1181A397F007DE52E /* InfoPlist.strings in Resources */ = {isa = PBXBuildFile; fileRef = B95670EF181A397F007DE52E /* InfoPlist.strings */; };
		B95670F3181A397F007DE52E /* QuickResponseTests.m in Sources */ = {isa = PBXBuildFile; fileRef = B95670F2181A397F007DE52E /* QuickResponseTests.m */; };
		B95670FD181A3D08007DE52E /* AVFoundation.framework in Frameworks */ = {isa = PBXBuildFile; fileRef = B95670FC181A3D08007DE52E /* AVFoundation.framework */; };
		B979BB1A18287CD70004FF85 /* Icon-60.png in Resources */ = {isa = PBXBuildFile; fileRef = B979BB0A18287CD70004FF85 /* Icon-60.png */; };
		B979BB1B18287CD70004FF85 /* Icon-60@2x.png in Resources */ = {isa = PBXBuildFile; fileRef = B979BB0B18287CD70004FF85 /* Icon-60@2x.png */; };
		B979BB1C18287CD70004FF85 /* Icon-72.png in Resources */ = {isa = PBXBuildFile; fileRef = B979BB0C18287CD70004FF85 /* Icon-72.png */; };
		B979BB1D18287CD70004FF85 /* Icon-72@2x.png in Resources */ = {isa = PBXBuildFile; fileRef = B979BB0D18287CD70004FF85 /* Icon-72@2x.png */; };
		B979BB1E18287CD70004FF85 /* Icon-76.png in Resources */ = {isa = PBXBuildFile; fileRef = B979BB0E18287CD70004FF85 /* Icon-76.png */; };
		B979BB1F18287CD70004FF85 /* Icon-76@2x.png in Resources */ = {isa = PBXBuildFile; fileRef = B979BB0F18287CD70004FF85 /* Icon-76@2x.png */; };
		B979BB2018287CD70004FF85 /* Icon-Small-50.png in Resources */ = {isa = PBXBuildFile; fileRef = B979BB1018287CD70004FF85 /* Icon-Small-50.png */; };
		B979BB2118287CD70004FF85 /* Icon-Small-50@2x.png in Resources */ = {isa = PBXBuildFile; fileRef = B979BB1118287CD70004FF85 /* Icon-Small-50@2x.png */; };
		B979BB2218287CD70004FF85 /* Icon-Small.png in Resources */ = {isa = PBXBuildFile; fileRef = B979BB1218287CD70004FF85 /* Icon-Small.png */; };
		B979BB2318287CD70004FF85 /* Icon-Small@2x.png in Resources */ = {isa = PBXBuildFile; fileRef = B979BB1318287CD70004FF85 /* Icon-Small@2x.png */; };
		B979BB2418287CD70004FF85 /* Icon-Spotlight-40.png in Resources */ = {isa = PBXBuildFile; fileRef = B979BB1418287CD70004FF85 /* Icon-Spotlight-40.png */; };
		B979BB2518287CD70004FF85 /* Icon-Spotlight-40@2x.png in Resources */ = {isa = PBXBuildFile; fileRef = B979BB1518287CD70004FF85 /* Icon-Spotlight-40@2x.png */; };
		B979BB2618287CD70004FF85 /* Icon.png in Resources */ = {isa = PBXBuildFile; fileRef = B979BB1618287CD70004FF85 /* Icon.png */; };
		B979BB2718287CD70004FF85 /* Icon@2x.png in Resources */ = {isa = PBXBuildFile; fileRef = B979BB1718287CD70004FF85 /* Icon@2x.png */; };
		B979BB2818287CD70004FF85 /* iTunesArtwork in Resources */ = {isa = PBXBuildFile; fileRef = B979BB1818287CD70004FF85 /* iTunesArtwork */; };
		B979BB2918287CD70004FF85 /* iTunesArtwork@2x in Resources */ = {isa = PBXBuildFile; fileRef = B979BB1918287CD70004FF85 /* iTunesArtwork@2x */; };
		B99A26B3181B3C4100CA5531 /* RIButtonItem.m in Sources */ = {isa = PBXBuildFile; fileRef = B99A26AE181B3C4100CA5531 /* RIButtonItem.m */; };
		B99A26B4181B3C4100CA5531 /* UIActionSheet+Blocks.m in Sources */ = {isa = PBXBuildFile; fileRef = B99A26B0181B3C4100CA5531 /* UIActionSheet+Blocks.m */; };
		B99A26B5181B3C4100CA5531 /* UIAlertView+Blocks.m in Sources */ = {isa = PBXBuildFile; fileRef = B99A26B2181B3C4100CA5531 /* UIAlertView+Blocks.m */; };
		B99A26C5181B411D00CA5531 /* bitstream.c in Sources */ = {isa = PBXBuildFile; fileRef = B99A26B7181B411D00CA5531 /* bitstream.c */; };
		B99A26C6181B411D00CA5531 /* mask.c in Sources */ = {isa = PBXBuildFile; fileRef = B99A26B9181B411D00CA5531 /* mask.c */; };
		B99A26C7181B411D00CA5531 /* qrencode.c in Sources */ = {isa = PBXBuildFile; fileRef = B99A26BB181B411D00CA5531 /* qrencode.c */; };
		B99A26C8181B411D00CA5531 /* qrinput.c in Sources */ = {isa = PBXBuildFile; fileRef = B99A26BD181B411D00CA5531 /* qrinput.c */; };
		B99A26C9181B411D00CA5531 /* qrspec.c in Sources */ = {isa = PBXBuildFile; fileRef = B99A26BF181B411D00CA5531 /* qrspec.c */; };
		B99A26CA181B411D00CA5531 /* rscode.c in Sources */ = {isa = PBXBuildFile; fileRef = B99A26C1181B411D00CA5531 /* rscode.c */; };
		B99A26CB181B411D00CA5531 /* split.c in Sources */ = {isa = PBXBuildFile; fileRef = B99A26C3181B411D00CA5531 /* split.c */; };
		B99A26CE181B412400CA5531 /* QRCodeGenerator.m in Sources */ = {isa = PBXBuildFile; fileRef = B99A26CD181B412400CA5531 /* QRCodeGenerator.m */; };
		B99A26D1181B42FB00CA5531 /* GenerateViewController.m in Sources */ = {isa = PBXBuildFile; fileRef = B99A26D0181B42FB00CA5531 /* GenerateViewController.m */; };
		B99A27B5181B49E000CA5531 /* CoreLocation.framework in Frameworks */ = {isa = PBXBuildFile; fileRef = B99A27B4181B49E000CA5531 /* CoreLocation.framework */; };
		B99A27B7181B49EE00CA5531 /* MapKit.framework in Frameworks */ = {isa = PBXBuildFile; fileRef = B99A27B6181B49EE00CA5531 /* MapKit.framework */; };
		B99A27B9181B49F600CA5531 /* QuartzCore.framework in Frameworks */ = {isa = PBXBuildFile; fileRef = B99A27B8181B49F600CA5531 /* QuartzCore.framework */; };
		B99A27BB181B49FA00CA5531 /* MessageUI.framework in Frameworks */ = {isa = PBXBuildFile; fileRef = B99A27BA181B49FA00CA5531 /* MessageUI.framework */; };
		B99A27BD181B4A0E00CA5531 /* AdSupport.framework in Frameworks */ = {isa = PBXBuildFile; fileRef = B99A27BC181B4A0D00CA5531 /* AdSupport.framework */; };
		B99A2AA0181B562800CA5531 /* Security.framework in Frameworks */ = {isa = PBXBuildFile; fileRef = B99A2A9F181B562800CA5531 /* Security.framework */; };
		B99A2AA2181B563000CA5531 /* SystemConfiguration.framework in Frameworks */ = {isa = PBXBuildFile; fileRef = B99A2AA1181B563000CA5531 /* SystemConfiguration.framework */; };
		B99A2B67181B5A2200CA5531 /* libShareKit.a in Frameworks */ = {isa = PBXBuildFile; fileRef = B99A2B10181B59FF00CA5531 /* libShareKit.a */; };
		B99A2B68181B5A3D00CA5531 /* ShareKit.bundle in Resources */ = {isa = PBXBuildFile; fileRef = B99A2B12181B59FF00CA5531 /* ShareKit.bundle */; };
		B99A2B6A181B5A6500CA5531 /* MobileCoreServices.framework in Frameworks */ = {isa = PBXBuildFile; fileRef = B99A2B69181B5A6500CA5531 /* MobileCoreServices.framework */; };
		B99A2B6C181B5A6C00CA5531 /* CoreMedia.framework in Frameworks */ = {isa = PBXBuildFile; fileRef = B99A2B6B181B5A6C00CA5531 /* CoreMedia.framework */; };
		B99A2B6E181B5A7B00CA5531 /* CFNetwork.framework in Frameworks */ = {isa = PBXBuildFile; fileRef = B99A2B6D181B5A7B00CA5531 /* CFNetwork.framework */; };
		B99A2B70181B5A8500CA5531 /* Twitter.framework in Frameworks */ = {isa = PBXBuildFile; fileRef = B99A2B6F181B5A8500CA5531 /* Twitter.framework */; };
		B99A2B72181B5A8D00CA5531 /* Accounts.framework in Frameworks */ = {isa = PBXBuildFile; fileRef = B99A2B71181B5A8D00CA5531 /* Accounts.framework */; };
		B99A2B74181B5A9B00CA5531 /* libsqlite3.dylib in Frameworks */ = {isa = PBXBuildFile; fileRef = B99A2B73181B5A9B00CA5531 /* libsqlite3.dylib */; };
		B99A2B76181B5AA200CA5531 /* Social.framework in Frameworks */ = {isa = PBXBuildFile; fileRef = B99A2B75181B5AA200CA5531 /* Social.framework */; };
		B99A2B78181B5AAB00CA5531 /* StoreKit.framework in Frameworks */ = {isa = PBXBuildFile; fileRef = B99A2B77181B5AAB00CA5531 /* StoreKit.framework */; };
		B99A2B7A181B5AAF00CA5531 /* libxml2.dylib in Frameworks */ = {isa = PBXBuildFile; fileRef = B99A2B79181B5AAF00CA5531 /* libxml2.dylib */; };
		B99A2B7C181B5ABA00CA5531 /* MediaPlayer.framework in Frameworks */ = {isa = PBXBuildFile; fileRef = B99A2B7B181B5ABA00CA5531 /* MediaPlayer.framework */; };
		B99A2B7E181B5AC100CA5531 /* AssetsLibrary.framework in Frameworks */ = {isa = PBXBuildFile; fileRef = B99A2B7D181B5AC100CA5531 /* AssetsLibrary.framework */; };
		B99A2B80181B5AC600CA5531 /* CoreText.framework in Frameworks */ = {isa = PBXBuildFile; fileRef = B99A2B7F181B5AC600CA5531 /* CoreText.framework */; };
		B99A2B82181B5ACB00CA5531 /* CoreMotion.framework in Frameworks */ = {isa = PBXBuildFile; fileRef = B99A2B81181B5ACB00CA5531 /* CoreMotion.framework */; };
		B99A2B84181B5AD200CA5531 /* ImageIO.framework in Frameworks */ = {isa = PBXBuildFile; fileRef = B99A2B83181B5AD200CA5531 /* ImageIO.framework */; };
		B99A2B88181B5AE600CA5531 /* GTMOAuth2ViewTouch.xib in Resources */ = {isa = PBXBuildFile; fileRef = B99A2B85181B5AE600CA5531 /* GTMOAuth2ViewTouch.xib */; };
		B99A2B8C181B5B9700CA5531 /* DropboxSDK.framework in Frameworks */ = {isa = PBXBuildFile; fileRef = B99A2B89181B5B9700CA5531 /* DropboxSDK.framework */; };
		B99A2B8D181B5B9700CA5531 /* FacebookSDK.framework in Frameworks */ = {isa = PBXBuildFile; fileRef = B99A2B8A181B5B9700CA5531 /* FacebookSDK.framework */; };
		B99A2B8E181B5B9700CA5531 /* GooglePlus.framework in Frameworks */ = {isa = PBXBuildFile; fileRef = B99A2B8B181B5B9700CA5531 /* GooglePlus.framework */; };
		B99A2B91181B5CF800CA5531 /* ShareKitSombreroConfig.m in Sources */ = {isa = PBXBuildFile; fileRef = B99A2B90181B5CF800CA5531 /* ShareKitSombreroConfig.m */; };
		B9A1377F182C61E80058AF13 /* HelpViewController.m in Sources */ = {isa = PBXBuildFile; fileRef = B9A1377E182C61E80058AF13 /* HelpViewController.m */; };
		B9A137A9182C69400058AF13 /* Julian.jpeg in Resources */ = {isa = PBXBuildFile; fileRef = B9A137A8182C69400058AF13 /* Julian.jpeg */; };
		B9A137AB182C6F250058AF13 /* Haifisch.png in Resources */ = {isa = PBXBuildFile; fileRef = B9A137AA182C6F250058AF13 /* Haifisch.png */; };
		B9A137B1182C73010058AF13 /* 1383894911_monk_user_religious_priest.png in Resources */ = {isa = PBXBuildFile; fileRef = B9A137B0182C73010058AF13 /* 1383894911_monk_user_religious_priest.png */; };
		B9E6DDE81828567700BCAE05 /* 64-zap.png in Resources */ = {isa = PBXBuildFile; fileRef = B9E6DDE61828567700BCAE05 /* 64-zap.png */; };
		B9E6DDE91828567700BCAE05 /* 64-zap@2x.png in Resources */ = {isa = PBXBuildFile; fileRef = B9E6DDE71828567700BCAE05 /* 64-zap@2x.png */; };
/* End PBXBuildFile section */

/* Begin PBXContainerItemProxy section */
		B95670EA181A397F007DE52E /* PBXContainerItemProxy */ = {
			isa = PBXContainerItemProxy;
			containerPortal = B95670BC181A397F007DE52E /* Project object */;
			proxyType = 1;
			remoteGlobalIDString = B95670C3181A397F007DE52E;
			remoteInfo = QuickResponse;
		};
		B99A2B0F181B59FF00CA5531 /* PBXContainerItemProxy */ = {
			isa = PBXContainerItemProxy;
			containerPortal = B99A2AE1181B59FE00CA5531 /* ShareKit.xcodeproj */;
			proxyType = 2;
			remoteGlobalIDString = 7AB5342E1552AADD00171BCE;
			remoteInfo = "Static Library";
		};
		B99A2B11181B59FF00CA5531 /* PBXContainerItemProxy */ = {
			isa = PBXContainerItemProxy;
			containerPortal = B99A2AE1181B59FE00CA5531 /* ShareKit.xcodeproj */;
			proxyType = 2;
			remoteGlobalIDString = 7AB5360F1552E26800171BCE;
			remoteInfo = "Resource Bundle";
		};
		B99A2B13181B59FF00CA5531 /* PBXContainerItemProxy */ = {
			isa = PBXContainerItemProxy;
			containerPortal = B99A2AE1181B59FE00CA5531 /* ShareKit.xcodeproj */;
			proxyType = 2;
			remoteGlobalIDString = 7A0F9246156BA2A0009CB40A;
			remoteInfo = "Static Library Core";
		};
		B99A2B15181B59FF00CA5531 /* PBXContainerItemProxy */ = {
			isa = PBXContainerItemProxy;
			containerPortal = B99A2AE1181B59FE00CA5531 /* ShareKit.xcodeproj */;
			proxyType = 2;
			remoteGlobalIDString = 7A1AFCC0160E11F90086B98A;
			remoteInfo = SSKeyChain;
		};
		B99A2B17181B59FF00CA5531 /* PBXContainerItemProxy */ = {
			isa = PBXContainerItemProxy;
			containerPortal = B99A2AE1181B59FE00CA5531 /* ShareKit.xcodeproj */;
			proxyType = 2;
			remoteGlobalIDString = 7A16F37E161340DD0019645D;
			remoteInfo = OAuth;
		};
		B99A2B19181B59FF00CA5531 /* PBXContainerItemProxy */ = {
			isa = PBXContainerItemProxy;
			containerPortal = B99A2AE1181B59FE00CA5531 /* ShareKit.xcodeproj */;
			proxyType = 2;
			remoteGlobalIDString = 7A1AFCD1160E123C0086B98A;
			remoteInfo = Reachability;
		};
		B99A2B1B181B59FF00CA5531 /* PBXContainerItemProxy */ = {
			isa = PBXContainerItemProxy;
			containerPortal = B99A2AE1181B59FE00CA5531 /* ShareKit.xcodeproj */;
			proxyType = 2;
			remoteGlobalIDString = AABBECD2162F0756009D46E4;
			remoteInfo = Copy;
		};
		B99A2B1D181B59FF00CA5531 /* PBXContainerItemProxy */ = {
			isa = PBXContainerItemProxy;
			containerPortal = B99A2AE1181B59FE00CA5531 /* ShareKit.xcodeproj */;
			proxyType = 2;
			remoteGlobalIDString = AABBECDB162F0779009D46E4;
			remoteInfo = Email;
		};
		B99A2B1F181B59FF00CA5531 /* PBXContainerItemProxy */ = {
			isa = PBXContainerItemProxy;
			containerPortal = B99A2AE1181B59FE00CA5531 /* ShareKit.xcodeproj */;
			proxyType = 2;
			remoteGlobalIDString = AABBECC9162F0719009D46E4;
			remoteInfo = Logout;
		};
		B99A2B21181B59FF00CA5531 /* PBXContainerItemProxy */ = {
			isa = PBXContainerItemProxy;
			containerPortal = B99A2AE1181B59FE00CA5531 /* ShareKit.xcodeproj */;
			proxyType = 2;
			remoteGlobalIDString = AABBECE4162F07B4009D46E4;
			remoteInfo = "Open in Safari";
		};
		B99A2B23181B59FF00CA5531 /* PBXContainerItemProxy */ = {
			isa = PBXContainerItemProxy;
			containerPortal = B99A2AE1181B59FE00CA5531 /* ShareKit.xcodeproj */;
			proxyType = 2;
			remoteGlobalIDString = AABBECBE162F063F009D46E4;
			remoteInfo = Print;
		};
		B99A2B25181B59FF00CA5531 /* PBXContainerItemProxy */ = {
			isa = PBXContainerItemProxy;
			containerPortal = B99A2AE1181B59FE00CA5531 /* ShareKit.xcodeproj */;
			proxyType = 2;
			remoteGlobalIDString = AABBECED162F07DF009D46E4;
			remoteInfo = "Save to Album";
		};
		B99A2B27181B59FF00CA5531 /* PBXContainerItemProxy */ = {
			isa = PBXContainerItemProxy;
			containerPortal = B99A2AE1181B59FE00CA5531 /* ShareKit.xcodeproj */;
			proxyType = 2;
			remoteGlobalIDString = AABBECF6162F080F009D46E4;
			remoteInfo = "Text Message";
		};
		B99A2B29181B59FF00CA5531 /* PBXContainerItemProxy */ = {
			isa = PBXContainerItemProxy;
			containerPortal = B99A2AE1181B59FE00CA5531 /* ShareKit.xcodeproj */;
			proxyType = 2;
			remoteGlobalIDString = AABBED08162F0858009D46E4;
			remoteInfo = Delicious;
		};
		B99A2B2B181B59FF00CA5531 /* PBXContainerItemProxy */ = {
			isa = PBXContainerItemProxy;
			containerPortal = B99A2AE1181B59FE00CA5531 /* ShareKit.xcodeproj */;
			proxyType = 2;
			remoteGlobalIDString = AABBED11162F087F009D46E4;
			remoteInfo = Diigo;
		};
		B99A2B2D181B59FF00CA5531 /* PBXContainerItemProxy */ = {
			isa = PBXContainerItemProxy;
			containerPortal = B99A2AE1181B59FE00CA5531 /* ShareKit.xcodeproj */;
			proxyType = 2;
			remoteGlobalIDString = AABBED24162F08E6009D46E4;
			remoteInfo = Evernote;
		};
		B99A2B2F181B59FF00CA5531 /* PBXContainerItemProxy */ = {
			isa = PBXContainerItemProxy;
			containerPortal = B99A2AE1181B59FE00CA5531 /* ShareKit.xcodeproj */;
			proxyType = 2;
			remoteGlobalIDString = 7A1AFCE2160E127B0086B98A;
			remoteInfo = "Evernote SDK";
		};
		B99A2B31181B59FF00CA5531 /* PBXContainerItemProxy */ = {
			isa = PBXContainerItemProxy;
			containerPortal = B99A2AE1181B59FE00CA5531 /* ShareKit.xcodeproj */;
			proxyType = 2;
			remoteGlobalIDString = AABBED37162F0B65009D46E4;
			remoteInfo = Facebook;
		};
		B99A2B33181B59FF00CA5531 /* PBXContainerItemProxy */ = {
			isa = PBXContainerItemProxy;
			containerPortal = B99A2AE1181B59FE00CA5531 /* ShareKit.xcodeproj */;
			proxyType = 2;
			remoteGlobalIDString = AABBED46162F0B86009D46E4;
			remoteInfo = FoursquareV2;
		};
		B99A2B35181B59FF00CA5531 /* PBXContainerItemProxy */ = {
			isa = PBXContainerItemProxy;
			containerPortal = B99A2AE1181B59FE00CA5531 /* ShareKit.xcodeproj */;
			proxyType = 2;
			remoteGlobalIDString = AABBED50162F0BA7009D46E4;
			remoteInfo = Flickr;
		};
		B99A2B37181B59FF00CA5531 /* PBXContainerItemProxy */ = {
			isa = PBXContainerItemProxy;
			containerPortal = B99A2AE1181B59FE00CA5531 /* ShareKit.xcodeproj */;
			proxyType = 2;
			remoteGlobalIDString = 7A1AFD24160E13740086B98A;
			remoteInfo = "Flickr SDK";
		};
		B99A2B39181B59FF00CA5531 /* PBXContainerItemProxy */ = {
			isa = PBXContainerItemProxy;
			containerPortal = B99A2AE1181B59FE00CA5531 /* ShareKit.xcodeproj */;
			proxyType = 2;
			remoteGlobalIDString = 4503EBC0169104470057294C;
			remoteInfo = "Google Plus";
		};
		B99A2B3B181B59FF00CA5531 /* PBXContainerItemProxy */ = {
			isa = PBXContainerItemProxy;
			containerPortal = B99A2AE1181B59FE00CA5531 /* ShareKit.xcodeproj */;
			proxyType = 2;
			remoteGlobalIDString = 7AA83BF91705E355009C483A;
			remoteInfo = "Google Plus SDK";
		};
		B99A2B3D181B59FF00CA5531 /* PBXContainerItemProxy */ = {
			isa = PBXContainerItemProxy;
			containerPortal = B99A2AE1181B59FE00CA5531 /* ShareKit.xcodeproj */;
			proxyType = 2;
			remoteGlobalIDString = 7A16F3C216134A890019645D;
			remoteInfo = Instagram;
		};
		B99A2B3F181B59FF00CA5531 /* PBXContainerItemProxy */ = {
			isa = PBXContainerItemProxy;
			containerPortal = B99A2AE1181B59FE00CA5531 /* ShareKit.xcodeproj */;
			proxyType = 2;
			remoteGlobalIDString = AABBED62162F0BE8009D46E4;
			remoteInfo = Instapaper;
		};
		B99A2B41181B59FF00CA5531 /* PBXContainerItemProxy */ = {
			isa = PBXContainerItemProxy;
			containerPortal = B99A2AE1181B59FE00CA5531 /* ShareKit.xcodeproj */;
			proxyType = 2;
			remoteGlobalIDString = AABBECFF162F0835009D46E4;
			remoteInfo = Kippt;
		};
		B99A2B43181B59FF00CA5531 /* PBXContainerItemProxy */ = {
			isa = PBXContainerItemProxy;
			containerPortal = B99A2AE1181B59FE00CA5531 /* ShareKit.xcodeproj */;
			proxyType = 2;
			remoteGlobalIDString = AABBED6B162F0C03009D46E4;
			remoteInfo = LinkedIn;
		};
		B99A2B45181B59FF00CA5531 /* PBXContainerItemProxy */ = {
			isa = PBXContainerItemProxy;
			containerPortal = B99A2AE1181B59FE00CA5531 /* ShareKit.xcodeproj */;
			proxyType = 2;
			remoteGlobalIDString = AABBED74162F0C1A009D46E4;
			remoteInfo = Pinboard;
		};
		B99A2B47181B59FF00CA5531 /* PBXContainerItemProxy */ = {
			isa = PBXContainerItemProxy;
			containerPortal = B99A2AE1181B59FE00CA5531 /* ShareKit.xcodeproj */;
			proxyType = 2;
			remoteGlobalIDString = 949BCB8C172A993000D706D4;
			remoteInfo = Buffer;
		};
		B99A2B49181B59FF00CA5531 /* PBXContainerItemProxy */ = {
			isa = PBXContainerItemProxy;
			containerPortal = B99A2AE1181B59FE00CA5531 /* ShareKit.xcodeproj */;
			proxyType = 2;
			remoteGlobalIDString = 7AC2A3A016597F4C0089ABE8;
			remoteInfo = "Sina Weibo";
		};
		B99A2B4B181B59FF00CA5531 /* PBXContainerItemProxy */ = {
			isa = PBXContainerItemProxy;
			containerPortal = B99A2AE1181B59FE00CA5531 /* ShareKit.xcodeproj */;
			proxyType = 2;
			remoteGlobalIDString = AABBED86162F0C4D009D46E4;
			remoteInfo = Tumbl;
		};
		B99A2B4D181B59FF00CA5531 /* PBXContainerItemProxy */ = {
			isa = PBXContainerItemProxy;
			containerPortal = B99A2AE1181B59FE00CA5531 /* ShareKit.xcodeproj */;
			proxyType = 2;
			remoteGlobalIDString = 7A1AFD3A160E14340086B98A;
			remoteInfo = Twitter;
		};
		B99A2B4F181B59FF00CA5531 /* PBXContainerItemProxy */ = {
			isa = PBXContainerItemProxy;
			containerPortal = B99A2AE1181B59FE00CA5531 /* ShareKit.xcodeproj */;
			proxyType = 2;
			remoteGlobalIDString = AABBED1B162F08A3009D46E4;
			remoteInfo = VKontakte;
		};
		B99A2B51181B59FF00CA5531 /* PBXContainerItemProxy */ = {
			isa = PBXContainerItemProxy;
			containerPortal = B99A2AE1181B59FE00CA5531 /* ShareKit.xcodeproj */;
			proxyType = 2;
			remoteGlobalIDString = 7AC2A3A016597F4C0089ABE8;
			remoteInfo = "Sina Weibo";
		};
		B99A2B53181B59FF00CA5531 /* PBXContainerItemProxy */ = {
			isa = PBXContainerItemProxy;
			containerPortal = B99A2AE1181B59FE00CA5531 /* ShareKit.xcodeproj */;
			proxyType = 2;
			remoteGlobalIDString = 7A49DBC316BC193E004B7E78;
			remoteInfo = Readability;
		};
		B99A2B55181B59FF00CA5531 /* PBXContainerItemProxy */ = {
			isa = PBXContainerItemProxy;
			containerPortal = B99A2AE1181B59FE00CA5531 /* ShareKit.xcodeproj */;
			proxyType = 2;
			remoteGlobalIDString = 7A203D0A16EB7DA200421995;
			remoteInfo = Hatena;
		};
		B99A2B57181B59FF00CA5531 /* PBXContainerItemProxy */ = {
			isa = PBXContainerItemProxy;
			containerPortal = B99A2AE1181B59FE00CA5531 /* ShareKit.xcodeproj */;
			proxyType = 2;
			remoteGlobalIDString = 7AAE8CA516EB960500429C51;
			remoteInfo = Plurk;
		};
		B99A2B59181B59FF00CA5531 /* PBXContainerItemProxy */ = {
			isa = PBXContainerItemProxy;
			containerPortal = B99A2AE1181B59FE00CA5531 /* ShareKit.xcodeproj */;
			proxyType = 2;
			remoteGlobalIDString = DE334C2116F3339300FF692B;
			remoteInfo = Dropbox;
		};
		B99A2B5B181B59FF00CA5531 /* PBXContainerItemProxy */ = {
			isa = PBXContainerItemProxy;
			containerPortal = B99A2AE1181B59FE00CA5531 /* ShareKit.xcodeproj */;
			proxyType = 2;
			remoteGlobalIDString = 7AECF322171D5194000722FA;
			remoteInfo = YouTube;
		};
		B99A2B5D181B59FF00CA5531 /* PBXContainerItemProxy */ = {
			isa = PBXContainerItemProxy;
			containerPortal = B99A2AE1181B59FE00CA5531 /* ShareKit.xcodeproj */;
			proxyType = 2;
			remoteGlobalIDString = 7AECF32C171D51C3000722FA;
			remoteInfo = "YouTube SDK";
		};
		B99A2B5F181B59FF00CA5531 /* PBXContainerItemProxy */ = {
			isa = PBXContainerItemProxy;
			containerPortal = B99A2AE1181B59FE00CA5531 /* ShareKit.xcodeproj */;
			proxyType = 2;
			remoteGlobalIDString = 7A4E465A173E2B2900CCEE80;
			remoteInfo = Pocket;
		};
		B99A2B61181B59FF00CA5531 /* PBXContainerItemProxy */ = {
			isa = PBXContainerItemProxy;
			containerPortal = B99A2AE1181B59FE00CA5531 /* ShareKit.xcodeproj */;
			proxyType = 2;
			remoteGlobalIDString = 7A4E4663173E2C2500CCEE80;
			remoteInfo = "Pocket SDK";
		};
		B99A2B63181B5A1200CA5531 /* PBXContainerItemProxy */ = {
			isa = PBXContainerItemProxy;
			containerPortal = B99A2AE1181B59FE00CA5531 /* ShareKit.xcodeproj */;
			proxyType = 1;
			remoteGlobalIDString = 7AB5342D1552AADD00171BCE;
			remoteInfo = "Static Library";
		};
		B99A2B65181B5A1400CA5531 /* PBXContainerItemProxy */ = {
			isa = PBXContainerItemProxy;
			containerPortal = B99A2AE1181B59FE00CA5531 /* ShareKit.xcodeproj */;
			proxyType = 1;
			remoteGlobalIDString = 7AB5360E1552E26800171BCE;
			remoteInfo = "Resource Bundle";
		};
/* End PBXContainerItemProxy section */

/* Begin PBXFileReference section */
		B906981D18306A250067EC2C /* TestFlight.h */ = {isa = PBXFileReference; lastKnownFileType = sourcecode.c.h; path = TestFlight.h; sourceTree = "<group>"; };
		B906981E18306A250067EC2C /* TestFlight+AsyncLogging.h */ = {isa = PBXFileReference; lastKnownFileType = sourcecode.c.h; path = "TestFlight+AsyncLogging.h"; sourceTree = "<group>"; };
		B906981F18306A250067EC2C /* TestFlight+ManualSessions.h */ = {isa = PBXFileReference; lastKnownFileType = sourcecode.c.h; path = "TestFlight+ManualSessions.h"; sourceTree = "<group>"; };
		B906984918306A360067EC2C /* libTestFlight.a */ = {isa = PBXFileReference; lastKnownFileType = archive.ar; name = libTestFlight.a; path = ../../Downloads/TestFlightSDK2.0.2/libTestFlight.a; sourceTree = "<group>"; };
		B906984B18306B070067EC2C /* libz.dylib */ = {isa = PBXFileReference; lastKnownFileType = "compiled.mach-o.dylib"; name = libz.dylib; path = usr/lib/libz.dylib; sourceTree = SDKROOT; };
		B92845EE182C10F1004CF304 /* QR-code.png */ = {isa = PBXFileReference; lastKnownFileType = image.png; path = "QR-code.png"; sourceTree = "<group>"; };
		B95670C4181A397F007DE52E /* QuickResponse.app */ = {isa = PBXFileReference; explicitFileType = wrapper.application; includeInIndex = 0; path = QuickResponse.app; sourceTree = BUILT_PRODUCTS_DIR; };
		B95670C7181A397F007DE52E /* Foundation.framework */ = {isa = PBXFileReference; lastKnownFileType = wrapper.framework; name = Foundation.framework; path = System/Library/Frameworks/Foundation.framework; sourceTree = SDKROOT; };
		B95670C9181A397F007DE52E /* CoreGraphics.framework */ = {isa = PBXFileReference; lastKnownFileType = wrapper.framework; name = CoreGraphics.framework; path = System/Library/Frameworks/CoreGraphics.framework; sourceTree = SDKROOT; };
		B95670CB181A397F007DE52E /* UIKit.framework */ = {isa = PBXFileReference; lastKnownFileType = wrapper.framework; name = UIKit.framework; path = System/Library/Frameworks/UIKit.framework; sourceTree = SDKROOT; };
		B95670CF181A397F007DE52E /* QuickResponse-Info.plist */ = {isa = PBXFileReference; lastKnownFileType = text.plist.xml; path = "QuickResponse-Info.plist"; sourceTree = "<group>"; };
		B95670D1181A397F007DE52E /* en */ = {isa = PBXFileReference; lastKnownFileType = text.plist.strings; name = en; path = en.lproj/InfoPlist.strings; sourceTree = "<group>"; };
		B95670D3181A397F007DE52E /* main.m */ = {isa = PBXFileReference; lastKnownFileType = sourcecode.c.objc; path = main.m; sourceTree = "<group>"; };
		B95670D5181A397F007DE52E /* QuickResponse-Prefix.pch */ = {isa = PBXFileReference; lastKnownFileType = sourcecode.c.h; path = "QuickResponse-Prefix.pch"; sourceTree = "<group>"; };
		B95670D6181A397F007DE52E /* AppDelegate.h */ = {isa = PBXFileReference; lastKnownFileType = sourcecode.c.h; path = AppDelegate.h; sourceTree = "<group>"; };
		B95670D7181A397F007DE52E /* AppDelegate.m */ = {isa = PBXFileReference; lastKnownFileType = sourcecode.c.objc; path = AppDelegate.m; sourceTree = "<group>"; };
		B95670DA181A397F007DE52E /* Base */ = {isa = PBXFileReference; lastKnownFileType = file.storyboard; name = Base; path = Base.lproj/Main.storyboard; sourceTree = "<group>"; };
		B95670DC181A397F007DE52E /* ViewController.h */ = {isa = PBXFileReference; lastKnownFileType = sourcecode.c.h; path = ViewController.h; sourceTree = "<group>"; };
		B95670DD181A397F007DE52E /* ViewController.m */ = {isa = PBXFileReference; lastKnownFileType = sourcecode.c.objc; path = ViewController.m; sourceTree = "<group>"; };
		B95670DF181A397F007DE52E /* Images.xcassets */ = {isa = PBXFileReference; lastKnownFileType = folder.assetcatalog; path = Images.xcassets; sourceTree = "<group>"; };
		B95670E5181A397F007DE52E /* QuickResponseTests.xctest */ = {isa = PBXFileReference; explicitFileType = wrapper.cfbundle; includeInIndex = 0; path = QuickResponseTests.xctest; sourceTree = BUILT_PRODUCTS_DIR; };
		B95670E6181A397F007DE52E /* XCTest.framework */ = {isa = PBXFileReference; lastKnownFileType = wrapper.framework; name = XCTest.framework; path = Library/Frameworks/XCTest.framework; sourceTree = DEVELOPER_DIR; };
		B95670EE181A397F007DE52E /* QuickResponseTests-Info.plist */ = {isa = PBXFileReference; lastKnownFileType = text.plist.xml; path = "QuickResponseTests-Info.plist"; sourceTree = "<group>"; };
		B95670F0181A397F007DE52E /* en */ = {isa = PBXFileReference; lastKnownFileType = text.plist.strings; name = en; path = en.lproj/InfoPlist.strings; sourceTree = "<group>"; };
		B95670F2181A397F007DE52E /* QuickResponseTests.m */ = {isa = PBXFileReference; lastKnownFileType = sourcecode.c.objc; path = QuickResponseTests.m; sourceTree = "<group>"; };
		B95670FC181A3D08007DE52E /* AVFoundation.framework */ = {isa = PBXFileReference; lastKnownFileType = wrapper.framework; name = AVFoundation.framework; path = System/Library/Frameworks/AVFoundation.framework; sourceTree = SDKROOT; };
		B979BB0A18287CD70004FF85 /* Icon-60.png */ = {isa = PBXFileReference; lastKnownFileType = image.png; path = "Icon-60.png"; sourceTree = "<group>"; };
		B979BB0B18287CD70004FF85 /* Icon-60@2x.png */ = {isa = PBXFileReference; lastKnownFileType = image.png; path = "Icon-60@2x.png"; sourceTree = "<group>"; };
		B979BB0C18287CD70004FF85 /* Icon-72.png */ = {isa = PBXFileReference; lastKnownFileType = image.png; path = "Icon-72.png"; sourceTree = "<group>"; };
		B979BB0D18287CD70004FF85 /* Icon-72@2x.png */ = {isa = PBXFileReference; lastKnownFileType = image.png; path = "Icon-72@2x.png"; sourceTree = "<group>"; };
		B979BB0E18287CD70004FF85 /* Icon-76.png */ = {isa = PBXFileReference; lastKnownFileType = image.png; path = "Icon-76.png"; sourceTree = "<group>"; };
		B979BB0F18287CD70004FF85 /* Icon-76@2x.png */ = {isa = PBXFileReference; lastKnownFileType = image.png; path = "Icon-76@2x.png"; sourceTree = "<group>"; };
		B979BB1018287CD70004FF85 /* Icon-Small-50.png */ = {isa = PBXFileReference; lastKnownFileType = image.png; path = "Icon-Small-50.png"; sourceTree = "<group>"; };
		B979BB1118287CD70004FF85 /* Icon-Small-50@2x.png */ = {isa = PBXFileReference; lastKnownFileType = image.png; path = "Icon-Small-50@2x.png"; sourceTree = "<group>"; };
		B979BB1218287CD70004FF85 /* Icon-Small.png */ = {isa = PBXFileReference; lastKnownFileType = image.png; path = "Icon-Small.png"; sourceTree = "<group>"; };
		B979BB1318287CD70004FF85 /* Icon-Small@2x.png */ = {isa = PBXFileReference; lastKnownFileType = image.png; path = "Icon-Small@2x.png"; sourceTree = "<group>"; };
		B979BB1418287CD70004FF85 /* Icon-Spotlight-40.png */ = {isa = PBXFileReference; lastKnownFileType = image.png; path = "Icon-Spotlight-40.png"; sourceTree = "<group>"; };
		B979BB1518287CD70004FF85 /* Icon-Spotlight-40@2x.png */ = {isa = PBXFileReference; lastKnownFileType = image.png; path = "Icon-Spotlight-40@2x.png"; sourceTree = "<group>"; };
		B979BB1618287CD70004FF85 /* Icon.png */ = {isa = PBXFileReference; lastKnownFileType = image.png; path = Icon.png; sourceTree = "<group>"; };
		B979BB1718287CD70004FF85 /* Icon@2x.png */ = {isa = PBXFileReference; lastKnownFileType = image.png; path = "Icon@2x.png"; sourceTree = "<group>"; };
		B979BB1818287CD70004FF85 /* iTunesArtwork */ = {isa = PBXFileReference; lastKnownFileType = file; path = iTunesArtwork; sourceTree = "<group>"; };
		B979BB1918287CD70004FF85 /* iTunesArtwork@2x */ = {isa = PBXFileReference; lastKnownFileType = file; path = "iTunesArtwork@2x"; sourceTree = "<group>"; };
		B99A26AD181B3C4100CA5531 /* RIButtonItem.h */ = {isa = PBXFileReference; fileEncoding = 4; lastKnownFileType = sourcecode.c.h; path = RIButtonItem.h; sourceTree = "<group>"; };
		B99A26AE181B3C4100CA5531 /* RIButtonItem.m */ = {isa = PBXFileReference; fileEncoding = 4; lastKnownFileType = sourcecode.c.objc; path = RIButtonItem.m; sourceTree = "<group>"; };
		B99A26AF181B3C4100CA5531 /* UIActionSheet+Blocks.h */ = {isa = PBXFileReference; fileEncoding = 4; lastKnownFileType = sourcecode.c.h; path = "UIActionSheet+Blocks.h"; sourceTree = "<group>"; };
		B99A26B0181B3C4100CA5531 /* UIActionSheet+Blocks.m */ = {isa = PBXFileReference; fileEncoding = 4; lastKnownFileType = sourcecode.c.objc; path = "UIActionSheet+Blocks.m"; sourceTree = "<group>"; };
		B99A26B1181B3C4100CA5531 /* UIAlertView+Blocks.h */ = {isa = PBXFileReference; fileEncoding = 4; lastKnownFileType = sourcecode.c.h; path = "UIAlertView+Blocks.h"; sourceTree = "<group>"; };
		B99A26B2181B3C4100CA5531 /* UIAlertView+Blocks.m */ = {isa = PBXFileReference; fileEncoding = 4; lastKnownFileType = sourcecode.c.objc; path = "UIAlertView+Blocks.m"; sourceTree = "<group>"; };
		B99A26B7181B411D00CA5531 /* bitstream.c */ = {isa = PBXFileReference; fileEncoding = 4; lastKnownFileType = sourcecode.c.c; path = bitstream.c; sourceTree = "<group>"; };
		B99A26B8181B411D00CA5531 /* bitstream.h */ = {isa = PBXFileReference; fileEncoding = 4; lastKnownFileType = sourcecode.c.h; path = bitstream.h; sourceTree = "<group>"; };
		B99A26B9181B411D00CA5531 /* mask.c */ = {isa = PBXFileReference; fileEncoding = 4; lastKnownFileType = sourcecode.c.c; path = mask.c; sourceTree = "<group>"; };
		B99A26BA181B411D00CA5531 /* mask.h */ = {isa = PBXFileReference; fileEncoding = 4; lastKnownFileType = sourcecode.c.h; path = mask.h; sourceTree = "<group>"; };
		B99A26BB181B411D00CA5531 /* qrencode.c */ = {isa = PBXFileReference; fileEncoding = 4; lastKnownFileType = sourcecode.c.c; path = qrencode.c; sourceTree = "<group>"; };
		B99A26BC181B411D00CA5531 /* qrencode.h */ = {isa = PBXFileReference; fileEncoding = 4; lastKnownFileType = sourcecode.c.h; path = qrencode.h; sourceTree = "<group>"; };
		B99A26BD181B411D00CA5531 /* qrinput.c */ = {isa = PBXFileReference; fileEncoding = 4; lastKnownFileType = sourcecode.c.c; path = qrinput.c; sourceTree = "<group>"; };
		B99A26BE181B411D00CA5531 /* qrinput.h */ = {isa = PBXFileReference; fileEncoding = 4; lastKnownFileType = sourcecode.c.h; path = qrinput.h; sourceTree = "<group>"; };
		B99A26BF181B411D00CA5531 /* qrspec.c */ = {isa = PBXFileReference; fileEncoding = 4; lastKnownFileType = sourcecode.c.c; path = qrspec.c; sourceTree = "<group>"; };
		B99A26C0181B411D00CA5531 /* qrspec.h */ = {isa = PBXFileReference; fileEncoding = 4; lastKnownFileType = sourcecode.c.h; path = qrspec.h; sourceTree = "<group>"; };
		B99A26C1181B411D00CA5531 /* rscode.c */ = {isa = PBXFileReference; fileEncoding = 4; lastKnownFileType = sourcecode.c.c; path = rscode.c; sourceTree = "<group>"; };
		B99A26C2181B411D00CA5531 /* rscode.h */ = {isa = PBXFileReference; fileEncoding = 4; lastKnownFileType = sourcecode.c.h; path = rscode.h; sourceTree = "<group>"; };
		B99A26C3181B411D00CA5531 /* split.c */ = {isa = PBXFileReference; fileEncoding = 4; lastKnownFileType = sourcecode.c.c; path = split.c; sourceTree = "<group>"; };
		B99A26C4181B411D00CA5531 /* split.h */ = {isa = PBXFileReference; fileEncoding = 4; lastKnownFileType = sourcecode.c.h; path = split.h; sourceTree = "<group>"; };
		B99A26CC181B412400CA5531 /* QRCodeGenerator.h */ = {isa = PBXFileReference; fileEncoding = 4; lastKnownFileType = sourcecode.c.h; path = QRCodeGenerator.h; sourceTree = "<group>"; };
		B99A26CD181B412400CA5531 /* QRCodeGenerator.m */ = {isa = PBXFileReference; fileEncoding = 4; lastKnownFileType = sourcecode.c.objc; path = QRCodeGenerator.m; sourceTree = "<group>"; };
		B99A26CF181B42FB00CA5531 /* GenerateViewController.h */ = {isa = PBXFileReference; fileEncoding = 4; lastKnownFileType = sourcecode.c.h; path = GenerateViewController.h; sourceTree = "<group>"; };
		B99A26D0181B42FB00CA5531 /* GenerateViewController.m */ = {isa = PBXFileReference; fileEncoding = 4; lastKnownFileType = sourcecode.c.objc; path = GenerateViewController.m; sourceTree = "<group>"; };
		B99A27B4181B49E000CA5531 /* CoreLocation.framework */ = {isa = PBXFileReference; lastKnownFileType = wrapper.framework; name = CoreLocation.framework; path = System/Library/Frameworks/CoreLocation.framework; sourceTree = SDKROOT; };
		B99A27B6181B49EE00CA5531 /* MapKit.framework */ = {isa = PBXFileReference; lastKnownFileType = wrapper.framework; name = MapKit.framework; path = System/Library/Frameworks/MapKit.framework; sourceTree = SDKROOT; };
		B99A27B8181B49F600CA5531 /* QuartzCore.framework */ = {isa = PBXFileReference; lastKnownFileType = wrapper.framework; name = QuartzCore.framework; path = System/Library/Frameworks/QuartzCore.framework; sourceTree = SDKROOT; };
		B99A27BA181B49FA00CA5531 /* MessageUI.framework */ = {isa = PBXFileReference; lastKnownFileType = wrapper.framework; name = MessageUI.framework; path = System/Library/Frameworks/MessageUI.framework; sourceTree = SDKROOT; };
		B99A27BC181B4A0D00CA5531 /* AdSupport.framework */ = {isa = PBXFileReference; lastKnownFileType = wrapper.framework; name = AdSupport.framework; path = System/Library/Frameworks/AdSupport.framework; sourceTree = SDKROOT; };
		B99A2A9F181B562800CA5531 /* Security.framework */ = {isa = PBXFileReference; lastKnownFileType = wrapper.framework; name = Security.framework; path = System/Library/Frameworks/Security.framework; sourceTree = SDKROOT; };
		B99A2AA1181B563000CA5531 /* SystemConfiguration.framework */ = {isa = PBXFileReference; lastKnownFileType = wrapper.framework; name = SystemConfiguration.framework; path = System/Library/Frameworks/SystemConfiguration.framework; sourceTree = SDKROOT; };
		B99A2AE1181B59FE00CA5531 /* ShareKit.xcodeproj */ = {isa = PBXFileReference; lastKnownFileType = "wrapper.pb-project"; name = ShareKit.xcodeproj; path = Submodules/ShareKit/ShareKit.xcodeproj; sourceTree = "<group>"; };
		B99A2B69181B5A6500CA5531 /* MobileCoreServices.framework */ = {isa = PBXFileReference; lastKnownFileType = wrapper.framework; name = MobileCoreServices.framework; path = System/Library/Frameworks/MobileCoreServices.framework; sourceTree = SDKROOT; };
		B99A2B6B181B5A6C00CA5531 /* CoreMedia.framework */ = {isa = PBXFileReference; lastKnownFileType = wrapper.framework; name = CoreMedia.framework; path = System/Library/Frameworks/CoreMedia.framework; sourceTree = SDKROOT; };
		B99A2B6D181B5A7B00CA5531 /* CFNetwork.framework */ = {isa = PBXFileReference; lastKnownFileType = wrapper.framework; name = CFNetwork.framework; path = System/Library/Frameworks/CFNetwork.framework; sourceTree = SDKROOT; };
		B99A2B6F181B5A8500CA5531 /* Twitter.framework */ = {isa = PBXFileReference; lastKnownFileType = wrapper.framework; name = Twitter.framework; path = System/Library/Frameworks/Twitter.framework; sourceTree = SDKROOT; };
		B99A2B71181B5A8D00CA5531 /* Accounts.framework */ = {isa = PBXFileReference; lastKnownFileType = wrapper.framework; name = Accounts.framework; path = System/Library/Frameworks/Accounts.framework; sourceTree = SDKROOT; };
		B99A2B73181B5A9B00CA5531 /* libsqlite3.dylib */ = {isa = PBXFileReference; lastKnownFileType = "compiled.mach-o.dylib"; name = libsqlite3.dylib; path = usr/lib/libsqlite3.dylib; sourceTree = SDKROOT; };
		B99A2B75181B5AA200CA5531 /* Social.framework */ = {isa = PBXFileReference; lastKnownFileType = wrapper.framework; name = Social.framework; path = System/Library/Frameworks/Social.framework; sourceTree = SDKROOT; };
		B99A2B77181B5AAB00CA5531 /* StoreKit.framework */ = {isa = PBXFileReference; lastKnownFileType = wrapper.framework; name = StoreKit.framework; path = System/Library/Frameworks/StoreKit.framework; sourceTree = SDKROOT; };
		B99A2B79181B5AAF00CA5531 /* libxml2.dylib */ = {isa = PBXFileReference; lastKnownFileType = "compiled.mach-o.dylib"; name = libxml2.dylib; path = usr/lib/libxml2.dylib; sourceTree = SDKROOT; };
		B99A2B7B181B5ABA00CA5531 /* MediaPlayer.framework */ = {isa = PBXFileReference; lastKnownFileType = wrapper.framework; name = MediaPlayer.framework; path = System/Library/Frameworks/MediaPlayer.framework; sourceTree = SDKROOT; };
		B99A2B7D181B5AC100CA5531 /* AssetsLibrary.framework */ = {isa = PBXFileReference; lastKnownFileType = wrapper.framework; name = AssetsLibrary.framework; path = System/Library/Frameworks/AssetsLibrary.framework; sourceTree = SDKROOT; };
		B99A2B7F181B5AC600CA5531 /* CoreText.framework */ = {isa = PBXFileReference; lastKnownFileType = wrapper.framework; name = CoreText.framework; path = System/Library/Frameworks/CoreText.framework; sourceTree = SDKROOT; };
		B99A2B81181B5ACB00CA5531 /* CoreMotion.framework */ = {isa = PBXFileReference; lastKnownFileType = wrapper.framework; name = CoreMotion.framework; path = System/Library/Frameworks/CoreMotion.framework; sourceTree = SDKROOT; };
		B99A2B83181B5AD200CA5531 /* ImageIO.framework */ = {isa = PBXFileReference; lastKnownFileType = wrapper.framework; name = ImageIO.framework; path = System/Library/Frameworks/ImageIO.framework; sourceTree = SDKROOT; };
		B99A2B85181B5AE600CA5531 /* GTMOAuth2ViewTouch.xib */ = {isa = PBXFileReference; lastKnownFileType = file.xib; name = GTMOAuth2ViewTouch.xib; path = "Submodules/google-api-objectivec/Source/OAuth2/Touch/GTMOAuth2ViewTouch.xib"; sourceTree = "<group>"; };
		B99A2B89181B5B9700CA5531 /* DropboxSDK.framework */ = {isa = PBXFileReference; lastKnownFileType = wrapper.framework; name = DropboxSDK.framework; path = Submodules/ShareKit/Frameworks/DropboxSDK.framework; sourceTree = "<group>"; };
		B99A2B8A181B5B9700CA5531 /* FacebookSDK.framework */ = {isa = PBXFileReference; lastKnownFileType = wrapper.framework; name = FacebookSDK.framework; path = Submodules/ShareKit/Frameworks/FacebookSDK.framework; sourceTree = "<group>"; };
		B99A2B8B181B5B9700CA5531 /* GooglePlus.framework */ = {isa = PBXFileReference; lastKnownFileType = wrapper.framework; name = GooglePlus.framework; path = Submodules/ShareKit/Frameworks/GooglePlus.framework; sourceTree = "<group>"; };
		B99A2B8F181B5CF800CA5531 /* ShareKitSombreroConfig.h */ = {isa = PBXFileReference; fileEncoding = 4; lastKnownFileType = sourcecode.c.h; path = ShareKitSombreroConfig.h; sourceTree = "<group>"; };
		B99A2B90181B5CF800CA5531 /* ShareKitSombreroConfig.m */ = {isa = PBXFileReference; fileEncoding = 4; lastKnownFileType = sourcecode.c.objc; path = ShareKitSombreroConfig.m; sourceTree = "<group>"; };
		B9A1377D182C61E80058AF13 /* HelpViewController.h */ = {isa = PBXFileReference; fileEncoding = 4; lastKnownFileType = sourcecode.c.h; path = HelpViewController.h; sourceTree = "<group>"; };
		B9A1377E182C61E80058AF13 /* HelpViewController.m */ = {isa = PBXFileReference; fileEncoding = 4; lastKnownFileType = sourcecode.c.objc; path = HelpViewController.m; sourceTree = "<group>"; };
		B9A137A8182C69400058AF13 /* Julian.jpeg */ = {isa = PBXFileReference; lastKnownFileType = image.jpeg; path = Julian.jpeg; sourceTree = "<group>"; };
		B9A137AA182C6F250058AF13 /* Haifisch.png */ = {isa = PBXFileReference; lastKnownFileType = image.png; path = Haifisch.png; sourceTree = "<group>"; };
		B9A137B0182C73010058AF13 /* 1383894911_monk_user_religious_priest.png */ = {isa = PBXFileReference; lastKnownFileType = image.png; path = 1383894911_monk_user_religious_priest.png; sourceTree = "<group>"; };
		B9E6DDE61828567700BCAE05 /* 64-zap.png */ = {isa = PBXFileReference; lastKnownFileType = image.png; path = "64-zap.png"; sourceTree = "<group>"; };
		B9E6DDE71828567700BCAE05 /* 64-zap@2x.png */ = {isa = PBXFileReference; lastKnownFileType = image.png; path = "64-zap@2x.png"; sourceTree = "<group>"; };
/* End PBXFileReference section */

/* Begin PBXFrameworksBuildPhase section */
		B95670C1181A397F007DE52E /* Frameworks */ = {
			isa = PBXFrameworksBuildPhase;
			buildActionMask = 2147483647;
			files = (
				B906984C18306B070067EC2C /* libz.dylib in Frameworks */,
				B99A2B76181B5AA200CA5531 /* Social.framework in Frameworks */,
				B99A2B84181B5AD200CA5531 /* ImageIO.framework in Frameworks */,
				B99A2B82181B5ACB00CA5531 /* CoreMotion.framework in Frameworks */,
				B99A2B80181B5AC600CA5531 /* CoreText.framework in Frameworks */,
				B99A2B7E181B5AC100CA5531 /* AssetsLibrary.framework in Frameworks */,
				B99A2B7C181B5ABA00CA5531 /* MediaPlayer.framework in Frameworks */,
				B99A2B7A181B5AAF00CA5531 /* libxml2.dylib in Frameworks */,
				B99A2B8C181B5B9700CA5531 /* DropboxSDK.framework in Frameworks */,
				B99A2B8D181B5B9700CA5531 /* FacebookSDK.framework in Frameworks */,
				B99A2B8E181B5B9700CA5531 /* GooglePlus.framework in Frameworks */,
				B99A2B78181B5AAB00CA5531 /* StoreKit.framework in Frameworks */,
				B99A2B74181B5A9B00CA5531 /* libsqlite3.dylib in Frameworks */,
				B99A2B72181B5A8D00CA5531 /* Accounts.framework in Frameworks */,
				B99A2B70181B5A8500CA5531 /* Twitter.framework in Frameworks */,
				B99A2B6E181B5A7B00CA5531 /* CFNetwork.framework in Frameworks */,
				B99A2B6C181B5A6C00CA5531 /* CoreMedia.framework in Frameworks */,
				B99A2B6A181B5A6500CA5531 /* MobileCoreServices.framework in Frameworks */,
				B99A2B67181B5A2200CA5531 /* libShareKit.a in Frameworks */,
				B99A2AA2181B563000CA5531 /* SystemConfiguration.framework in Frameworks */,
				B99A2AA0181B562800CA5531 /* Security.framework in Frameworks */,
				B99A27BD181B4A0E00CA5531 /* AdSupport.framework in Frameworks */,
				B95670CA181A397F007DE52E /* CoreGraphics.framework in Frameworks */,
				B99A27BB181B49FA00CA5531 /* MessageUI.framework in Frameworks */,
				B906984A18306A370067EC2C /* libTestFlight.a in Frameworks */,
				B99A27B9181B49F600CA5531 /* QuartzCore.framework in Frameworks */,
				B99A27B7181B49EE00CA5531 /* MapKit.framework in Frameworks */,
				B99A27B5181B49E000CA5531 /* CoreLocation.framework in Frameworks */,
				B95670FD181A3D08007DE52E /* AVFoundation.framework in Frameworks */,
				B95670CC181A397F007DE52E /* UIKit.framework in Frameworks */,
				B95670C8181A397F007DE52E /* Foundation.framework in Frameworks */,
			);
			runOnlyForDeploymentPostprocessing = 0;
		};
		B95670E2181A397F007DE52E /* Frameworks */ = {
			isa = PBXFrameworksBuildPhase;
			buildActionMask = 2147483647;
			files = (
				B95670E7181A397F007DE52E /* XCTest.framework in Frameworks */,
				B95670E9181A397F007DE52E /* UIKit.framework in Frameworks */,
				B95670E8181A397F007DE52E /* Foundation.framework in Frameworks */,
			);
			runOnlyForDeploymentPostprocessing = 0;
		};
/* End PBXFrameworksBuildPhase section */

/* Begin PBXGroup section */
		B906984818306A2B0067EC2C /* Flight */ = {
			isa = PBXGroup;
			children = (
				B906981D18306A250067EC2C /* TestFlight.h */,
				B906981E18306A250067EC2C /* TestFlight+AsyncLogging.h */,
				B906981F18306A250067EC2C /* TestFlight+ManualSessions.h */,
			);
			name = Flight;
			sourceTree = "<group>";
		};
		B95670BB181A397F007DE52E = {
			isa = PBXGroup;
			children = (
				B99A2AE1181B59FE00CA5531 /* ShareKit.xcodeproj */,
				B95670CD181A397F007DE52E /* QuickResponse */,
				B95670EC181A397F007DE52E /* QuickResponseTests */,
				B95670C6181A397F007DE52E /* Frameworks */,
				B95670C5181A397F007DE52E /* Products */,
			);
			sourceTree = "<group>";
		};
		B95670C5181A397F007DE52E /* Products */ = {
			isa = PBXGroup;
			children = (
				B95670C4181A397F007DE52E /* QuickResponse.app */,
				B95670E5181A397F007DE52E /* QuickResponseTests.xctest */,
			);
			name = Products;
			sourceTree = "<group>";
		};
		B95670C6181A397F007DE52E /* Frameworks */ = {
			isa = PBXGroup;
			children = (
				B906984B18306B070067EC2C /* libz.dylib */,
				B906984918306A360067EC2C /* libTestFlight.a */,
				B99A2B89181B5B9700CA5531 /* DropboxSDK.framework */,
				B99A2B8A181B5B9700CA5531 /* FacebookSDK.framework */,
				B99A2B8B181B5B9700CA5531 /* GooglePlus.framework */,
				B99A2B83181B5AD200CA5531 /* ImageIO.framework */,
				B99A2B81181B5ACB00CA5531 /* CoreMotion.framework */,
				B99A2B7F181B5AC600CA5531 /* CoreText.framework */,
				B99A2B7D181B5AC100CA5531 /* AssetsLibrary.framework */,
				B99A2B7B181B5ABA00CA5531 /* MediaPlayer.framework */,
				B99A2B79181B5AAF00CA5531 /* libxml2.dylib */,
				B99A2B77181B5AAB00CA5531 /* StoreKit.framework */,
				B99A2B75181B5AA200CA5531 /* Social.framework */,
				B99A2B73181B5A9B00CA5531 /* libsqlite3.dylib */,
				B99A2B71181B5A8D00CA5531 /* Accounts.framework */,
				B99A2B6F181B5A8500CA5531 /* Twitter.framework */,
				B99A2B6D181B5A7B00CA5531 /* CFNetwork.framework */,
				B99A2B6B181B5A6C00CA5531 /* CoreMedia.framework */,
				B99A2B69181B5A6500CA5531 /* MobileCoreServices.framework */,
				B99A2AA1181B563000CA5531 /* SystemConfiguration.framework */,
				B99A2A9F181B562800CA5531 /* Security.framework */,
				B99A27BC181B4A0D00CA5531 /* AdSupport.framework */,
				B99A27BA181B49FA00CA5531 /* MessageUI.framework */,
				B99A27B8181B49F600CA5531 /* QuartzCore.framework */,
				B99A27B6181B49EE00CA5531 /* MapKit.framework */,
				B99A27B4181B49E000CA5531 /* CoreLocation.framework */,
				B95670FC181A3D08007DE52E /* AVFoundation.framework */,
				B95670C7181A397F007DE52E /* Foundation.framework */,
				B95670C9181A397F007DE52E /* CoreGraphics.framework */,
				B95670CB181A397F007DE52E /* UIKit.framework */,
				B95670E6181A397F007DE52E /* XCTest.framework */,
			);
			name = Frameworks;
			sourceTree = "<group>";
		};
		B95670CD181A397F007DE52E /* QuickResponse */ = {
			isa = PBXGroup;
			children = (
				B906984818306A2B0067EC2C /* Flight */,
				B9A137B0182C73010058AF13 /* 1383894911_monk_user_religious_priest.png */,
				B9A137AA182C6F250058AF13 /* Haifisch.png */,
				B9A137A8182C69400058AF13 /* Julian.jpeg */,
				B92845EE182C10F1004CF304 /* QR-code.png */,
				B9E6DDE61828567700BCAE05 /* 64-zap.png */,
				B9E6DDE71828567700BCAE05 /* 64-zap@2x.png */,
				B99A2B87181B5AE600CA5531 /* Resources - ShareKit Library */,
				B99A26CC181B412400CA5531 /* QRCodeGenerator.h */,
				B99A26CD181B412400CA5531 /* QRCodeGenerator.m */,
				B99A26B6181B411D00CA5531 /* libqrencode */,
				B99A26AD181B3C4100CA5531 /* RIButtonItem.h */,
				B99A26AE181B3C4100CA5531 /* RIButtonItem.m */,
				B99A26AF181B3C4100CA5531 /* UIActionSheet+Blocks.h */,
				B99A26B0181B3C4100CA5531 /* UIActionSheet+Blocks.m */,
				B99A26B1181B3C4100CA5531 /* UIAlertView+Blocks.h */,
				B979BAC1182877F80004FF85 /* Icons */,
				B99A26B2181B3C4100CA5531 /* UIAlertView+Blocks.m */,
				B95670D6181A397F007DE52E /* AppDelegate.h */,
				B95670D7181A397F007DE52E /* AppDelegate.m */,
				B99A2B8F181B5CF800CA5531 /* ShareKitSombreroConfig.h */,
				B99A2B90181B5CF800CA5531 /* ShareKitSombreroConfig.m */,
				B95670D9181A397F007DE52E /* Main.storyboard */,
				B9A1377D182C61E80058AF13 /* HelpViewController.h */,
				B9A1377E182C61E80058AF13 /* HelpViewController.m */,
				B99A26CF181B42FB00CA5531 /* GenerateViewController.h */,
				B99A26D0181B42FB00CA5531 /* GenerateViewController.m */,
				B95670DC181A397F007DE52E /* ViewController.h */,
				B95670DD181A397F007DE52E /* ViewController.m */,
				B95670DF181A397F007DE52E /* Images.xcassets */,
				B95670CE181A397F007DE52E /* Supporting Files */,
			);
			path = QuickResponse;
			sourceTree = "<group>";
		};
		B95670CE181A397F007DE52E /* Supporting Files */ = {
			isa = PBXGroup;
			children = (
				B95670CF181A397F007DE52E /* QuickResponse-Info.plist */,
				B95670D0181A397F007DE52E /* InfoPlist.strings */,
				B95670D3181A397F007DE52E /* main.m */,
				B95670D5181A397F007DE52E /* QuickResponse-Prefix.pch */,
			);
			name = "Supporting Files";
			sourceTree = "<group>";
		};
		B95670EC181A397F007DE52E /* QuickResponseTests */ = {
			isa = PBXGroup;
			children = (
				B95670F2181A397F007DE52E /* QuickResponseTests.m */,
				B95670ED181A397F007DE52E /* Supporting Files */,
			);
			path = QuickResponseTests;
			sourceTree = "<group>";
		};
		B95670ED181A397F007DE52E /* Supporting Files */ = {
			isa = PBXGroup;
			children = (
				B95670EE181A397F007DE52E /* QuickResponseTests-Info.plist */,
				B95670EF181A397F007DE52E /* InfoPlist.strings */,
			);
			name = "Supporting Files";
			sourceTree = "<group>";
		};
		B979BAC1182877F80004FF85 /* Icons */ = {
			isa = PBXGroup;
			children = (
				B979BB0A18287CD70004FF85 /* Icon-60.png */,
				B979BB0B18287CD70004FF85 /* Icon-60@2x.png */,
				B979BB0C18287CD70004FF85 /* Icon-72.png */,
				B979BB0D18287CD70004FF85 /* Icon-72@2x.png */,
				B979BB0E18287CD70004FF85 /* Icon-76.png */,
				B979BB0F18287CD70004FF85 /* Icon-76@2x.png */,
				B979BB1018287CD70004FF85 /* Icon-Small-50.png */,
				B979BB1118287CD70004FF85 /* Icon-Small-50@2x.png */,
				B979BB1218287CD70004FF85 /* Icon-Small.png */,
				B979BB1318287CD70004FF85 /* Icon-Small@2x.png */,
				B979BB1418287CD70004FF85 /* Icon-Spotlight-40.png */,
				B979BB1518287CD70004FF85 /* Icon-Spotlight-40@2x.png */,
				B979BB1618287CD70004FF85 /* Icon.png */,
				B979BB1718287CD70004FF85 /* Icon@2x.png */,
				B979BB1818287CD70004FF85 /* iTunesArtwork */,
				B979BB1918287CD70004FF85 /* iTunesArtwork@2x */,
			);
			name = Icons;
			sourceTree = "<group>";
		};
		B99A26B6181B411D00CA5531 /* libqrencode */ = {
			isa = PBXGroup;
			children = (
				B99A26B7181B411D00CA5531 /* bitstream.c */,
				B99A26B8181B411D00CA5531 /* bitstream.h */,
				B99A26B9181B411D00CA5531 /* mask.c */,
				B99A26BA181B411D00CA5531 /* mask.h */,
				B99A26BB181B411D00CA5531 /* qrencode.c */,
				B99A26BC181B411D00CA5531 /* qrencode.h */,
				B99A26BD181B411D00CA5531 /* qrinput.c */,
				B99A26BE181B411D00CA5531 /* qrinput.h */,
				B99A26BF181B411D00CA5531 /* qrspec.c */,
				B99A26C0181B411D00CA5531 /* qrspec.h */,
				B99A26C1181B411D00CA5531 /* rscode.c */,
				B99A26C2181B411D00CA5531 /* rscode.h */,
				B99A26C3181B411D00CA5531 /* split.c */,
				B99A26C4181B411D00CA5531 /* split.h */,
			);
			path = libqrencode;
			sourceTree = "<group>";
		};
		B99A2AE2181B59FE00CA5531 /* Products */ = {
			isa = PBXGroup;
			children = (
				B99A2B10181B59FF00CA5531 /* libShareKit.a */,
				B99A2B12181B59FF00CA5531 /* ShareKit.bundle */,
				B99A2B14181B59FF00CA5531 /* libShareKitCore.a */,
				B99A2B16181B59FF00CA5531 /* libSSKeyChain.a */,
				B99A2B18181B59FF00CA5531 /* libOAuth.a */,
				B99A2B1A181B59FF00CA5531 /* libReachability.a */,
				B99A2B1C181B59FF00CA5531 /* libCopy.a */,
				B99A2B1E181B59FF00CA5531 /* libEmail.a */,
				B99A2B20181B59FF00CA5531 /* libLogout.a */,
				B99A2B22181B59FF00CA5531 /* libOpen in Safari.a */,
				B99A2B24181B59FF00CA5531 /* libPrint.a */,
				B99A2B26181B59FF00CA5531 /* libSave to Album.a */,
				B99A2B28181B59FF00CA5531 /* libText Message.a */,
				B99A2B2A181B59FF00CA5531 /* libDelicious.a */,
				B99A2B2C181B59FF00CA5531 /* libDiigo.a */,
				B99A2B2E181B59FF00CA5531 /* libEvernote.a */,
				B99A2B30181B59FF00CA5531 /* libEvernote SDK.a */,
				B99A2B32181B59FF00CA5531 /* libFacebook.a */,
				B99A2B34181B59FF00CA5531 /* libFoursquareV2.a */,
				B99A2B36181B59FF00CA5531 /* libFlickr.a */,
				B99A2B38181B59FF00CA5531 /* libFlickr SDK.a */,
				B99A2B3A181B59FF00CA5531 /* libGoogle Plus.a */,
				B99A2B3C181B59FF00CA5531 /* libGoogle Plus SDK.a */,
				B99A2B3E181B59FF00CA5531 /* libInstagram.a */,
				B99A2B40181B59FF00CA5531 /* libInstapaper.a */,
				B99A2B42181B59FF00CA5531 /* libKippt.a */,
				B99A2B44181B59FF00CA5531 /* libLinkedIn.a */,
				B99A2B46181B59FF00CA5531 /* libPinboard.a */,
				B99A2B48181B59FF00CA5531 /* libBuffer.a */,
				B99A2B4A181B59FF00CA5531 /* libSina Weibo.a */,
				B99A2B4C181B59FF00CA5531 /* libTumblr.a */,
				B99A2B4E181B59FF00CA5531 /* libTwitter.a */,
				B99A2B50181B59FF00CA5531 /* libVKontakte.a */,
				B99A2B52181B59FF00CA5531 /* libSina Weibo.a */,
				B99A2B54181B59FF00CA5531 /* libReadability.a */,
				B99A2B56181B59FF00CA5531 /* libHatena.a */,
				B99A2B58181B59FF00CA5531 /* libPlurk.a */,
				B99A2B5A181B59FF00CA5531 /* libDropbox.a */,
				B99A2B5C181B59FF00CA5531 /* libYouTube.a */,
				B99A2B5E181B59FF00CA5531 /* libYouTube SDK.a */,
				B99A2B60181B59FF00CA5531 /* libPocket.a */,
				B99A2B62181B59FF00CA5531 /* libPocket SDK.a */,
			);
			name = Products;
			sourceTree = "<group>";
		};
		B99A2B86181B5AE600CA5531 /* Google OAuth */ = {
			isa = PBXGroup;
			children = (
				B99A2B85181B5AE600CA5531 /* GTMOAuth2ViewTouch.xib */,
			);
			name = "Google OAuth";
			sourceTree = "<group>";
		};
		B99A2B87181B5AE600CA5531 /* Resources - ShareKit Library */ = {
			isa = PBXGroup;
			children = (
				B99A2B86181B5AE600CA5531 /* Google OAuth */,
			);
			name = "Resources - ShareKit Library";
			path = ../Submodules/ShareKit;
			sourceTree = "<group>";
		};
/* End PBXGroup section */

/* Begin PBXNativeTarget section */
		B95670C3181A397F007DE52E /* QuickResponse */ = {
			isa = PBXNativeTarget;
			buildConfigurationList = B95670F6181A397F007DE52E /* Build configuration list for PBXNativeTarget "QuickResponse" */;
			buildPhases = (
				B95670C0181A397F007DE52E /* Sources */,
				B95670C1181A397F007DE52E /* Frameworks */,
				B95670C2181A397F007DE52E /* Resources */,
			);
			buildRules = (
			);
			dependencies = (
				B99A2B66181B5A1400CA5531 /* PBXTargetDependency */,
				B99A2B64181B5A1200CA5531 /* PBXTargetDependency */,
			);
			name = QuickResponse;
			productName = QuickResponse;
			productReference = B95670C4181A397F007DE52E /* QuickResponse.app */;
			productType = "com.apple.product-type.application";
		};
		B95670E4181A397F007DE52E /* QuickResponseTests */ = {
			isa = PBXNativeTarget;
			buildConfigurationList = B95670F9181A397F007DE52E /* Build configuration list for PBXNativeTarget "QuickResponseTests" */;
			buildPhases = (
				B95670E1181A397F007DE52E /* Sources */,
				B95670E2181A397F007DE52E /* Frameworks */,
				B95670E3181A397F007DE52E /* Resources */,
			);
			buildRules = (
			);
			dependencies = (
				B95670EB181A397F007DE52E /* PBXTargetDependency */,
			);
			name = QuickResponseTests;
			productName = QuickResponseTests;
			productReference = B95670E5181A397F007DE52E /* QuickResponseTests.xctest */;
			productType = "com.apple.product-type.bundle.unit-test";
		};
/* End PBXNativeTarget section */

/* Begin PBXProject section */
		B95670BC181A397F007DE52E /* Project object */ = {
			isa = PBXProject;
			attributes = {
				LastUpgradeCheck = 0500;
				ORGANIZATIONNAME = Haifisch;
				TargetAttributes = {
					B95670C3181A397F007DE52E = {
						DevelopmentTeam = 98H7WCU496;
					};
					B95670E4181A397F007DE52E = {
						TestTargetID = B95670C3181A397F007DE52E;
					};
				};
			};
			buildConfigurationList = B95670BF181A397F007DE52E /* Build configuration list for PBXProject "QuickResponse" */;
			compatibilityVersion = "Xcode 3.2";
			developmentRegion = English;
			hasScannedForEncodings = 0;
			knownRegions = (
				en,
				Base,
			);
			mainGroup = B95670BB181A397F007DE52E;
			productRefGroup = B95670C5181A397F007DE52E /* Products */;
			projectDirPath = "";
			projectReferences = (
				{
					ProductGroup = B99A2AE2181B59FE00CA5531 /* Products */;
					ProjectRef = B99A2AE1181B59FE00CA5531 /* ShareKit.xcodeproj */;
				},
			);
			projectRoot = "";
			targets = (
				B95670C3181A397F007DE52E /* QuickResponse */,
				B95670E4181A397F007DE52E /* QuickResponseTests */,
			);
		};
/* End PBXProject section */

/* Begin PBXReferenceProxy section */
		B99A2B10181B59FF00CA5531 /* libShareKit.a */ = {
			isa = PBXReferenceProxy;
			fileType = archive.ar;
			path = libShareKit.a;
			remoteRef = B99A2B0F181B59FF00CA5531 /* PBXContainerItemProxy */;
			sourceTree = BUILT_PRODUCTS_DIR;
		};
		B99A2B12181B59FF00CA5531 /* ShareKit.bundle */ = {
			isa = PBXReferenceProxy;
			fileType = wrapper.cfbundle;
			path = ShareKit.bundle;
			remoteRef = B99A2B11181B59FF00CA5531 /* PBXContainerItemProxy */;
			sourceTree = BUILT_PRODUCTS_DIR;
		};
		B99A2B14181B59FF00CA5531 /* libShareKitCore.a */ = {
			isa = PBXReferenceProxy;
			fileType = archive.ar;
			path = libShareKitCore.a;
			remoteRef = B99A2B13181B59FF00CA5531 /* PBXContainerItemProxy */;
			sourceTree = BUILT_PRODUCTS_DIR;
		};
		B99A2B16181B59FF00CA5531 /* libSSKeyChain.a */ = {
			isa = PBXReferenceProxy;
			fileType = archive.ar;
			path = libSSKeyChain.a;
			remoteRef = B99A2B15181B59FF00CA5531 /* PBXContainerItemProxy */;
			sourceTree = BUILT_PRODUCTS_DIR;
		};
		B99A2B18181B59FF00CA5531 /* libOAuth.a */ = {
			isa = PBXReferenceProxy;
			fileType = archive.ar;
			path = libOAuth.a;
			remoteRef = B99A2B17181B59FF00CA5531 /* PBXContainerItemProxy */;
			sourceTree = BUILT_PRODUCTS_DIR;
		};
		B99A2B1A181B59FF00CA5531 /* libReachability.a */ = {
			isa = PBXReferenceProxy;
			fileType = archive.ar;
			path = libReachability.a;
			remoteRef = B99A2B19181B59FF00CA5531 /* PBXContainerItemProxy */;
			sourceTree = BUILT_PRODUCTS_DIR;
		};
		B99A2B1C181B59FF00CA5531 /* libCopy.a */ = {
			isa = PBXReferenceProxy;
			fileType = archive.ar;
			path = libCopy.a;
			remoteRef = B99A2B1B181B59FF00CA5531 /* PBXContainerItemProxy */;
			sourceTree = BUILT_PRODUCTS_DIR;
		};
		B99A2B1E181B59FF00CA5531 /* libEmail.a */ = {
			isa = PBXReferenceProxy;
			fileType = archive.ar;
			path = libEmail.a;
			remoteRef = B99A2B1D181B59FF00CA5531 /* PBXContainerItemProxy */;
			sourceTree = BUILT_PRODUCTS_DIR;
		};
		B99A2B20181B59FF00CA5531 /* libLogout.a */ = {
			isa = PBXReferenceProxy;
			fileType = archive.ar;
			path = libLogout.a;
			remoteRef = B99A2B1F181B59FF00CA5531 /* PBXContainerItemProxy */;
			sourceTree = BUILT_PRODUCTS_DIR;
		};
		B99A2B22181B59FF00CA5531 /* libOpen in Safari.a */ = {
			isa = PBXReferenceProxy;
			fileType = archive.ar;
			path = "libOpen in Safari.a";
			remoteRef = B99A2B21181B59FF00CA5531 /* PBXContainerItemProxy */;
			sourceTree = BUILT_PRODUCTS_DIR;
		};
		B99A2B24181B59FF00CA5531 /* libPrint.a */ = {
			isa = PBXReferenceProxy;
			fileType = archive.ar;
			path = libPrint.a;
			remoteRef = B99A2B23181B59FF00CA5531 /* PBXContainerItemProxy */;
			sourceTree = BUILT_PRODUCTS_DIR;
		};
		B99A2B26181B59FF00CA5531 /* libSave to Album.a */ = {
			isa = PBXReferenceProxy;
			fileType = archive.ar;
			path = "libSave to Album.a";
			remoteRef = B99A2B25181B59FF00CA5531 /* PBXContainerItemProxy */;
			sourceTree = BUILT_PRODUCTS_DIR;
		};
		B99A2B28181B59FF00CA5531 /* libText Message.a */ = {
			isa = PBXReferenceProxy;
			fileType = archive.ar;
			path = "libText Message.a";
			remoteRef = B99A2B27181B59FF00CA5531 /* PBXContainerItemProxy */;
			sourceTree = BUILT_PRODUCTS_DIR;
		};
		B99A2B2A181B59FF00CA5531 /* libDelicious.a */ = {
			isa = PBXReferenceProxy;
			fileType = archive.ar;
			path = libDelicious.a;
			remoteRef = B99A2B29181B59FF00CA5531 /* PBXContainerItemProxy */;
			sourceTree = BUILT_PRODUCTS_DIR;
		};
		B99A2B2C181B59FF00CA5531 /* libDiigo.a */ = {
			isa = PBXReferenceProxy;
			fileType = archive.ar;
			path = libDiigo.a;
			remoteRef = B99A2B2B181B59FF00CA5531 /* PBXContainerItemProxy */;
			sourceTree = BUILT_PRODUCTS_DIR;
		};
		B99A2B2E181B59FF00CA5531 /* libEvernote.a */ = {
			isa = PBXReferenceProxy;
			fileType = archive.ar;
			path = libEvernote.a;
			remoteRef = B99A2B2D181B59FF00CA5531 /* PBXContainerItemProxy */;
			sourceTree = BUILT_PRODUCTS_DIR;
		};
		B99A2B30181B59FF00CA5531 /* libEvernote SDK.a */ = {
			isa = PBXReferenceProxy;
			fileType = archive.ar;
			path = "libEvernote SDK.a";
			remoteRef = B99A2B2F181B59FF00CA5531 /* PBXContainerItemProxy */;
			sourceTree = BUILT_PRODUCTS_DIR;
		};
		B99A2B32181B59FF00CA5531 /* libFacebook.a */ = {
			isa = PBXReferenceProxy;
			fileType = archive.ar;
			path = libFacebook.a;
			remoteRef = B99A2B31181B59FF00CA5531 /* PBXContainerItemProxy */;
			sourceTree = BUILT_PRODUCTS_DIR;
		};
		B99A2B34181B59FF00CA5531 /* libFoursquareV2.a */ = {
			isa = PBXReferenceProxy;
			fileType = archive.ar;
			path = libFoursquareV2.a;
			remoteRef = B99A2B33181B59FF00CA5531 /* PBXContainerItemProxy */;
			sourceTree = BUILT_PRODUCTS_DIR;
		};
		B99A2B36181B59FF00CA5531 /* libFlickr.a */ = {
			isa = PBXReferenceProxy;
			fileType = archive.ar;
			path = libFlickr.a;
			remoteRef = B99A2B35181B59FF00CA5531 /* PBXContainerItemProxy */;
			sourceTree = BUILT_PRODUCTS_DIR;
		};
		B99A2B38181B59FF00CA5531 /* libFlickr SDK.a */ = {
			isa = PBXReferenceProxy;
			fileType = archive.ar;
			path = "libFlickr SDK.a";
			remoteRef = B99A2B37181B59FF00CA5531 /* PBXContainerItemProxy */;
			sourceTree = BUILT_PRODUCTS_DIR;
		};
		B99A2B3A181B59FF00CA5531 /* libGoogle Plus.a */ = {
			isa = PBXReferenceProxy;
			fileType = archive.ar;
			path = "libGoogle Plus.a";
			remoteRef = B99A2B39181B59FF00CA5531 /* PBXContainerItemProxy */;
			sourceTree = BUILT_PRODUCTS_DIR;
		};
		B99A2B3C181B59FF00CA5531 /* libGoogle Plus SDK.a */ = {
			isa = PBXReferenceProxy;
			fileType = archive.ar;
			path = "libGoogle Plus SDK.a";
			remoteRef = B99A2B3B181B59FF00CA5531 /* PBXContainerItemProxy */;
			sourceTree = BUILT_PRODUCTS_DIR;
		};
		B99A2B3E181B59FF00CA5531 /* libInstagram.a */ = {
			isa = PBXReferenceProxy;
			fileType = archive.ar;
			path = libInstagram.a;
			remoteRef = B99A2B3D181B59FF00CA5531 /* PBXContainerItemProxy */;
			sourceTree = BUILT_PRODUCTS_DIR;
		};
		B99A2B40181B59FF00CA5531 /* libInstapaper.a */ = {
			isa = PBXReferenceProxy;
			fileType = archive.ar;
			path = libInstapaper.a;
			remoteRef = B99A2B3F181B59FF00CA5531 /* PBXContainerItemProxy */;
			sourceTree = BUILT_PRODUCTS_DIR;
		};
		B99A2B42181B59FF00CA5531 /* libKippt.a */ = {
			isa = PBXReferenceProxy;
			fileType = archive.ar;
			path = libKippt.a;
			remoteRef = B99A2B41181B59FF00CA5531 /* PBXContainerItemProxy */;
			sourceTree = BUILT_PRODUCTS_DIR;
		};
		B99A2B44181B59FF00CA5531 /* libLinkedIn.a */ = {
			isa = PBXReferenceProxy;
			fileType = archive.ar;
			path = libLinkedIn.a;
			remoteRef = B99A2B43181B59FF00CA5531 /* PBXContainerItemProxy */;
			sourceTree = BUILT_PRODUCTS_DIR;
		};
		B99A2B46181B59FF00CA5531 /* libPinboard.a */ = {
			isa = PBXReferenceProxy;
			fileType = archive.ar;
			path = libPinboard.a;
			remoteRef = B99A2B45181B59FF00CA5531 /* PBXContainerItemProxy */;
			sourceTree = BUILT_PRODUCTS_DIR;
		};
		B99A2B48181B59FF00CA5531 /* libBuffer.a */ = {
			isa = PBXReferenceProxy;
			fileType = archive.ar;
			path = libBuffer.a;
			remoteRef = B99A2B47181B59FF00CA5531 /* PBXContainerItemProxy */;
			sourceTree = BUILT_PRODUCTS_DIR;
		};
		B99A2B4A181B59FF00CA5531 /* libSina Weibo.a */ = {
			isa = PBXReferenceProxy;
			fileType = archive.ar;
			path = "libSina Weibo.a";
			remoteRef = B99A2B49181B59FF00CA5531 /* PBXContainerItemProxy */;
			sourceTree = BUILT_PRODUCTS_DIR;
		};
		B99A2B4C181B59FF00CA5531 /* libTumblr.a */ = {
			isa = PBXReferenceProxy;
			fileType = archive.ar;
			path = libTumblr.a;
			remoteRef = B99A2B4B181B59FF00CA5531 /* PBXContainerItemProxy */;
			sourceTree = BUILT_PRODUCTS_DIR;
		};
		B99A2B4E181B59FF00CA5531 /* libTwitter.a */ = {
			isa = PBXReferenceProxy;
			fileType = archive.ar;
			path = libTwitter.a;
			remoteRef = B99A2B4D181B59FF00CA5531 /* PBXContainerItemProxy */;
			sourceTree = BUILT_PRODUCTS_DIR;
		};
		B99A2B50181B59FF00CA5531 /* libVKontakte.a */ = {
			isa = PBXReferenceProxy;
			fileType = archive.ar;
			path = libVKontakte.a;
			remoteRef = B99A2B4F181B59FF00CA5531 /* PBXContainerItemProxy */;
			sourceTree = BUILT_PRODUCTS_DIR;
		};
		B99A2B52181B59FF00CA5531 /* libSina Weibo.a */ = {
			isa = PBXReferenceProxy;
			fileType = archive.ar;
			path = "libSina Weibo.a";
			remoteRef = B99A2B51181B59FF00CA5531 /* PBXContainerItemProxy */;
			sourceTree = BUILT_PRODUCTS_DIR;
		};
		B99A2B54181B59FF00CA5531 /* libReadability.a */ = {
			isa = PBXReferenceProxy;
			fileType = archive.ar;
			path = libReadability.a;
			remoteRef = B99A2B53181B59FF00CA5531 /* PBXContainerItemProxy */;
			sourceTree = BUILT_PRODUCTS_DIR;
		};
		B99A2B56181B59FF00CA5531 /* libHatena.a */ = {
			isa = PBXReferenceProxy;
			fileType = archive.ar;
			path = libHatena.a;
			remoteRef = B99A2B55181B59FF00CA5531 /* PBXContainerItemProxy */;
			sourceTree = BUILT_PRODUCTS_DIR;
		};
		B99A2B58181B59FF00CA5531 /* libPlurk.a */ = {
			isa = PBXReferenceProxy;
			fileType = archive.ar;
			path = libPlurk.a;
			remoteRef = B99A2B57181B59FF00CA5531 /* PBXContainerItemProxy */;
			sourceTree = BUILT_PRODUCTS_DIR;
		};
		B99A2B5A181B59FF00CA5531 /* libDropbox.a */ = {
			isa = PBXReferenceProxy;
			fileType = archive.ar;
			path = libDropbox.a;
			remoteRef = B99A2B59181B59FF00CA5531 /* PBXContainerItemProxy */;
			sourceTree = BUILT_PRODUCTS_DIR;
		};
		B99A2B5C181B59FF00CA5531 /* libYouTube.a */ = {
			isa = PBXReferenceProxy;
			fileType = archive.ar;
			path = libYouTube.a;
			remoteRef = B99A2B5B181B59FF00CA5531 /* PBXContainerItemProxy */;
			sourceTree = BUILT_PRODUCTS_DIR;
		};
		B99A2B5E181B59FF00CA5531 /* libYouTube SDK.a */ = {
			isa = PBXReferenceProxy;
			fileType = archive.ar;
			path = "libYouTube SDK.a";
			remoteRef = B99A2B5D181B59FF00CA5531 /* PBXContainerItemProxy */;
			sourceTree = BUILT_PRODUCTS_DIR;
		};
		B99A2B60181B59FF00CA5531 /* libPocket.a */ = {
			isa = PBXReferenceProxy;
			fileType = archive.ar;
			path = libPocket.a;
			remoteRef = B99A2B5F181B59FF00CA5531 /* PBXContainerItemProxy */;
			sourceTree = BUILT_PRODUCTS_DIR;
		};
		B99A2B62181B59FF00CA5531 /* libPocket SDK.a */ = {
			isa = PBXReferenceProxy;
			fileType = archive.ar;
			path = "libPocket SDK.a";
			remoteRef = B99A2B61181B59FF00CA5531 /* PBXContainerItemProxy */;
			sourceTree = BUILT_PRODUCTS_DIR;
		};
/* End PBXReferenceProxy section */

/* Begin PBXResourcesBuildPhase section */
		B95670C2181A397F007DE52E /* Resources */ = {
			isa = PBXResourcesBuildPhase;
			buildActionMask = 2147483647;
			files = (
				B979BB2218287CD70004FF85 /* Icon-Small.png in Resources */,
				B99A2B88181B5AE600CA5531 /* GTMOAuth2ViewTouch.xib in Resources */,
				B979BB2518287CD70004FF85 /* Icon-Spotlight-40@2x.png in Resources */,
				B979BB2018287CD70004FF85 /* Icon-Small-50.png in Resources */,
				B979BB1C18287CD70004FF85 /* Icon-72.png in Resources */,
				B979BB2318287CD70004FF85 /* Icon-Small@2x.png in Resources */,
				B99A2B68181B5A3D00CA5531 /* ShareKit.bundle in Resources */,
				B979BB1F18287CD70004FF85 /* Icon-76@2x.png in Resources */,
				B979BB1A18287CD70004FF85 /* Icon-60.png in Resources */,
				B9A137A9182C69400058AF13 /* Julian.jpeg in Resources */,
				B9E6DDE81828567700BCAE05 /* 64-zap.png in Resources */,
				B979BB2418287CD70004FF85 /* Icon-Spotlight-40.png in Resources */,
				B979BB1E18287CD70004FF85 /* Icon-76.png in Resources */,
				B979BB2618287CD70004FF85 /* Icon.png in Resources */,
				B95670E0181A397F007DE52E /* Images.xcassets in Resources */,
				B9A137B1182C73010058AF13 /* 1383894911_monk_user_religious_priest.png in Resources */,
				B979BB1B18287CD70004FF85 /* Icon-60@2x.png in Resources */,
				B9E6DDE91828567700BCAE05 /* 64-zap@2x.png in Resources */,
				B979BB2918287CD70004FF85 /* iTunesArtwork@2x in Resources */,
				B9A137AB182C6F250058AF13 /* Haifisch.png in Resources */,
				B92845EF182C10F1004CF304 /* QR-code.png in Resources */,
				B979BB2718287CD70004FF85 /* Icon@2x.png in Resources */,
				B979BB2818287CD70004FF85 /* iTunesArtwork in Resources */,
				B95670D2181A397F007DE52E /* InfoPlist.strings in Resources */,
				B979BB2118287CD70004FF85 /* Icon-Small-50@2x.png in Resources */,
				B95670DB181A397F007DE52E /* Main.storyboard in Resources */,
				B979BB1D18287CD70004FF85 /* Icon-72@2x.png in Resources */,
			);
			runOnlyForDeploymentPostprocessing = 0;
		};
		B95670E3181A397F007DE52E /* Resources */ = {
			isa = PBXResourcesBuildPhase;
			buildActionMask = 2147483647;
			files = (
				B95670F1181A397F007DE52E /* InfoPlist.strings in Resources */,
			);
			runOnlyForDeploymentPostprocessing = 0;
		};
/* End PBXResourcesBuildPhase section */

/* Begin PBXSourcesBuildPhase section */
		B95670C0181A397F007DE52E /* Sources */ = {
			isa = PBXSourcesBuildPhase;
			buildActionMask = 2147483647;
			files = (
				B99A26C7181B411D00CA5531 /* qrencode.c in Sources */,
				B99A26CA181B411D00CA5531 /* rscode.c in Sources */,
				B95670DE181A397F007DE52E /* ViewController.m in Sources */,
				B95670D8181A397F007DE52E /* AppDelegate.m in Sources */,
				B99A26CB181B411D00CA5531 /* split.c in Sources */,
				B95670D4181A397F007DE52E /* main.m in Sources */,
				B99A26C9181B411D00CA5531 /* qrspec.c in Sources */,
				B99A26CE181B412400CA5531 /* QRCodeGenerator.m in Sources */,
				B99A26C6181B411D00CA5531 /* mask.c in Sources */,
				B99A26C5181B411D00CA5531 /* bitstream.c in Sources */,
				B99A26B5181B3C4100CA5531 /* UIAlertView+Blocks.m in Sources */,
				B99A26C8181B411D00CA5531 /* qrinput.c in Sources */,
				B99A26D1181B42FB00CA5531 /* GenerateViewController.m in Sources */,
				B99A2B91181B5CF800CA5531 /* ShareKitSombreroConfig.m in Sources */,
				B9A1377F182C61E80058AF13 /* HelpViewController.m in Sources */,
				B99A26B4181B3C4100CA5531 /* UIActionSheet+Blocks.m in Sources */,
				B99A26B3181B3C4100CA5531 /* RIButtonItem.m in Sources */,
			);
			runOnlyForDeploymentPostprocessing = 0;
		};
		B95670E1181A397F007DE52E /* Sources */ = {
			isa = PBXSourcesBuildPhase;
			buildActionMask = 2147483647;
			files = (
				B95670F3181A397F007DE52E /* QuickResponseTests.m in Sources */,
			);
			runOnlyForDeploymentPostprocessing = 0;
		};
/* End PBXSourcesBuildPhase section */

/* Begin PBXTargetDependency section */
		B95670EB181A397F007DE52E /* PBXTargetDependency */ = {
			isa = PBXTargetDependency;
			target = B95670C3181A397F007DE52E /* QuickResponse */;
			targetProxy = B95670EA181A397F007DE52E /* PBXContainerItemProxy */;
		};
		B99A2B64181B5A1200CA5531 /* PBXTargetDependency */ = {
			isa = PBXTargetDependency;
			name = "Static Library";
			targetProxy = B99A2B63181B5A1200CA5531 /* PBXContainerItemProxy */;
		};
		B99A2B66181B5A1400CA5531 /* PBXTargetDependency */ = {
			isa = PBXTargetDependency;
			name = "Resource Bundle";
			targetProxy = B99A2B65181B5A1400CA5531 /* PBXContainerItemProxy */;
		};
/* End PBXTargetDependency section */

/* Begin PBXVariantGroup section */
		B95670D0181A397F007DE52E /* InfoPlist.strings */ = {
			isa = PBXVariantGroup;
			children = (
				B95670D1181A397F007DE52E /* en */,
			);
			name = InfoPlist.strings;
			sourceTree = "<group>";
		};
		B95670D9181A397F007DE52E /* Main.storyboard */ = {
			isa = PBXVariantGroup;
			children = (
				B95670DA181A397F007DE52E /* Base */,
			);
			name = Main.storyboard;
			sourceTree = "<group>";
		};
		B95670EF181A397F007DE52E /* InfoPlist.strings */ = {
			isa = PBXVariantGroup;
			children = (
				B95670F0181A397F007DE52E /* en */,
			);
			name = InfoPlist.strings;
			sourceTree = "<group>";
		};
/* End PBXVariantGroup section */

/* Begin XCBuildConfiguration section */
		B95670F4181A397F007DE52E /* Debug */ = {
			isa = XCBuildConfiguration;
			buildSettings = {
				ALWAYS_SEARCH_USER_PATHS = NO;
				ARCHS = "$(ARCHS_STANDARD_INCLUDING_64_BIT)";
				CLANG_CXX_LANGUAGE_STANDARD = "gnu++0x";
				CLANG_CXX_LIBRARY = "libc++";
				CLANG_ENABLE_MODULES = YES;
				CLANG_ENABLE_OBJC_ARC = YES;
				CLANG_WARN_BOOL_CONVERSION = YES;
				CLANG_WARN_CONSTANT_CONVERSION = YES;
				CLANG_WARN_DIRECT_OBJC_ISA_USAGE = YES_ERROR;
				CLANG_WARN_EMPTY_BODY = YES;
				CLANG_WARN_ENUM_CONVERSION = YES;
				CLANG_WARN_INT_CONVERSION = YES;
				CLANG_WARN_OBJC_ROOT_CLASS = YES_ERROR;
				CLANG_WARN__DUPLICATE_METHOD_MATCH = YES;
				"CODE_SIGN_IDENTITY[sdk=iphoneos*]" = "iPhone Developer";
				COPY_PHASE_STRIP = NO;
				GCC_C_LANGUAGE_STANDARD = gnu99;
				GCC_DYNAMIC_NO_PIC = NO;
				GCC_OPTIMIZATION_LEVEL = 0;
				GCC_PREPROCESSOR_DEFINITIONS = (
					"DEBUG=1",
					"$(inherited)",
				);
				GCC_SYMBOLS_PRIVATE_EXTERN = NO;
				GCC_WARN_64_TO_32_BIT_CONVERSION = YES;
				GCC_WARN_ABOUT_RETURN_TYPE = YES_ERROR;
				GCC_WARN_UNDECLARED_SELECTOR = YES;
				GCC_WARN_UNINITIALIZED_AUTOS = YES;
				GCC_WARN_UNUSED_FUNCTION = YES;
				GCC_WARN_UNUSED_VARIABLE = YES;
				IPHONEOS_DEPLOYMENT_TARGET = 7.0;
				ONLY_ACTIVE_ARCH = YES;
				SDKROOT = iphoneos;
			};
			name = Debug;
		};
		B95670F5181A397F007DE52E /* Release */ = {
			isa = XCBuildConfiguration;
			buildSettings = {
				ALWAYS_SEARCH_USER_PATHS = NO;
				ARCHS = "$(ARCHS_STANDARD_INCLUDING_64_BIT)";
				CLANG_CXX_LANGUAGE_STANDARD = "gnu++0x";
				CLANG_CXX_LIBRARY = "libc++";
				CLANG_ENABLE_MODULES = YES;
				CLANG_ENABLE_OBJC_ARC = YES;
				CLANG_WARN_BOOL_CONVERSION = YES;
				CLANG_WARN_CONSTANT_CONVERSION = YES;
				CLANG_WARN_DIRECT_OBJC_ISA_USAGE = YES_ERROR;
				CLANG_WARN_EMPTY_BODY = YES;
				CLANG_WARN_ENUM_CONVERSION = YES;
				CLANG_WARN_INT_CONVERSION = YES;
				CLANG_WARN_OBJC_ROOT_CLASS = YES_ERROR;
				CLANG_WARN__DUPLICATE_METHOD_MATCH = YES;
				"CODE_SIGN_IDENTITY[sdk=iphoneos*]" = "iPhone Developer";
				COPY_PHASE_STRIP = YES;
				ENABLE_NS_ASSERTIONS = NO;
				GCC_C_LANGUAGE_STANDARD = gnu99;
				GCC_WARN_64_TO_32_BIT_CONVERSION = YES;
				GCC_WARN_ABOUT_RETURN_TYPE = YES_ERROR;
				GCC_WARN_UNDECLARED_SELECTOR = YES;
				GCC_WARN_UNINITIALIZED_AUTOS = YES;
				GCC_WARN_UNUSED_FUNCTION = YES;
				GCC_WARN_UNUSED_VARIABLE = YES;
				IPHONEOS_DEPLOYMENT_TARGET = 7.0;
				SDKROOT = iphoneos;
				VALIDATE_PRODUCT = YES;
			};
			name = Release;
		};
		B95670F7181A397F007DE52E /* Debug */ = {
			isa = XCBuildConfiguration;
			buildSettings = {
				ARCHS = "$(ARCHS_STANDARD)";
				ASSETCATALOG_COMPILER_LAUNCHIMAGE_NAME = LaunchImage;
				CODE_SIGN_IDENTITY = "iPhone Developer";
				"CODE_SIGN_IDENTITY[sdk=iphoneos*]" = "iPhone Developer";
				FRAMEWORK_SEARCH_PATHS = (
					"$(inherited)",
					"/Users/Haifisch/Downloads/socialize-sdk-ios-2.8.9/Socialize.embeddedframework",
					/Users/Haifisch/Desktop/QuickResponse/Submodules/ShareKit/Frameworks,
				);
				GCC_GENERATE_TEST_COVERAGE_FILES = YES;
				GCC_INSTRUMENT_PROGRAM_FLOW_ARCS = YES;
				GCC_PRECOMPILE_PREFIX_HEADER = YES;
				GCC_PREFIX_HEADER = "QuickResponse/QuickResponse-Prefix.pch";
				INFOPLIST_FILE = "QuickResponse/QuickResponse-Info.plist";
				LIBRARY_SEARCH_PATHS = (
					"$(inherited)",
					/Users/Haifisch/Downloads/TestFlightSDK2.0.2,
				);
				ONLY_ACTIVE_ARCH = YES;
				OTHER_LDFLAGS = (
					"-all_load",
					"-ObjC",
				);
				PRODUCT_NAME = "$(TARGET_NAME)";
				PROVISIONING_PROFILE = "";
				USER_HEADER_SEARCH_PATHS = "Submodules/**";
				WRAPPER_EXTENSION = app;
			};
			name = Debug;
		};
		B95670F8181A397F007DE52E /* Release */ = {
			isa = XCBuildConfiguration;
			buildSettings = {
				ARCHS = "$(ARCHS_STANDARD)";
				ASSETCATALOG_COMPILER_LAUNCHIMAGE_NAME = LaunchImage;
				CODE_SIGN_IDENTITY = "iPhone Developer";
				"CODE_SIGN_IDENTITY[sdk=iphoneos*]" = "iPhone Developer";
				FRAMEWORK_SEARCH_PATHS = (
					"$(inherited)",
					"/Users/Haifisch/Downloads/socialize-sdk-ios-2.8.9/Socialize.embeddedframework",
					/Users/Haifisch/Desktop/QuickResponse/Submodules/ShareKit/Frameworks,
				);
				GCC_GENERATE_TEST_COVERAGE_FILES = YES;
				GCC_INSTRUMENT_PROGRAM_FLOW_ARCS = YES;
				GCC_PRECOMPILE_PREFIX_HEADER = YES;
				GCC_PREFIX_HEADER = "QuickResponse/QuickResponse-Prefix.pch";
				INFOPLIST_FILE = "QuickResponse/QuickResponse-Info.plist";
				LIBRARY_SEARCH_PATHS = (
					"$(inherited)",
					/Users/Haifisch/Downloads/TestFlightSDK2.0.2,
				);
				ONLY_ACTIVE_ARCH = NO;
				OTHER_LDFLAGS = (
					"-all_load",
					"-ObjC",
				);
				PRODUCT_NAME = "$(TARGET_NAME)";
				PROVISIONING_PROFILE = "";
				USER_HEADER_SEARCH_PATHS = "Submodules/**";
				WRAPPER_EXTENSION = app;
			};
			name = Release;
		};
		B95670FA181A397F007DE52E /* Debug */ = {
			isa = XCBuildConfiguration;
			buildSettings = {
				ARCHS = "$(ARCHS_STANDARD_INCLUDING_64_BIT)";
				BUNDLE_LOADER = "$(BUILT_PRODUCTS_DIR)/QuickResponse.app/QuickResponse";
				FRAMEWORK_SEARCH_PATHS = (
					"$(SDKROOT)/Developer/Library/Frameworks",
					"$(inherited)",
					"$(DEVELOPER_FRAMEWORKS_DIR)",
				);
				GCC_PRECOMPILE_PREFIX_HEADER = YES;
				GCC_PREFIX_HEADER = "QuickResponse/QuickResponse-Prefix.pch";
				GCC_PREPROCESSOR_DEFINITIONS = (
					"DEBUG=1",
					"$(inherited)",
				);
				INFOPLIST_FILE = "QuickResponseTests/QuickResponseTests-Info.plist";
				PRODUCT_NAME = "$(TARGET_NAME)";
				TEST_HOST = "$(BUNDLE_LOADER)";
				WRAPPER_EXTENSION = xctest;
			};
			name = Debug;
		};
		B95670FB181A397F007DE52E /* Release */ = {
			isa = XCBuildConfiguration;
			buildSettings = {
				ARCHS = "$(ARCHS_STANDARD_INCLUDING_64_BIT)";
				BUNDLE_LOADER = "$(BUILT_PRODUCTS_DIR)/QuickResponse.app/QuickResponse";
				FRAMEWORK_SEARCH_PATHS = (
					"$(SDKROOT)/Developer/Library/Frameworks",
					"$(inherited)",
					"$(DEVELOPER_FRAMEWORKS_DIR)",
				);
				GCC_PRECOMPILE_PREFIX_HEADER = YES;
				GCC_PREFIX_HEADER = "QuickResponse/QuickResponse-Prefix.pch";
				INFOPLIST_FILE = "QuickResponseTests/QuickResponseTests-Info.plist";
				PRODUCT_NAME = "$(TARGET_NAME)";
				TEST_HOST = "$(BUNDLE_LOADER)";
				WRAPPER_EXTENSION = xctest;
			};
			name = Release;
		};
/* End XCBuildConfiguration section */

/* Begin XCConfigurationList section */
		B95670BF181A397F007DE52E /* Build configuration list for PBXProject "QuickResponse" */ = {
			isa = XCConfigurationList;
			buildConfigurations = (
				B95670F4181A397F007DE52E /* Debug */,
				B95670F5181A397F007DE52E /* Release */,
			);
			defaultConfigurationIsVisible = 0;
			defaultConfigurationName = Release;
		};
		B95670F6181A397F007DE52E /* Build configuration list for PBXNativeTarget "QuickResponse" */ = {
			isa = XCConfigurationList;
			buildConfigurations = (
				B95670F7181A397F007DE52E /* Debug */,
				B95670F8181A397F007DE52E /* Release */,
			);
			defaultConfigurationIsVisible = 0;
			defaultConfigurationName = Release;
		};
		B95670F9181A397F007DE52E /* Build configuration list for PBXNativeTarget "QuickResponseTests" */ = {
			isa = XCConfigurationList;
			buildConfigurations = (
				B95670FA181A397F007DE52E /* Debug */,
				B95670FB181A397F007DE52E /* Release */,
			);
			defaultConfigurationIsVisible = 0;
			defaultConfigurationName = Release;
		};
/* End XCConfigurationList section */
	};
	rootObject = B95670BC181A397F007DE52E /* Project object */;
}
